// !$*UTF8*$!
{
	archiveVersion = 1;
	classes = {
	};
	objectVersion = 46;
	objects = {

/* Begin PBXBuildFile section */
		0306AC9617F2DCAB0081FC2E /* BackgroundMap.m in Sources */ = {isa = PBXBuildFile; fileRef = 0306AC9517F2DCAB0081FC2E /* BackgroundMap.m */; };
		0306AC9917F40A3B0081FC2E /* ASMapView+Dragging.m in Sources */ = {isa = PBXBuildFile; fileRef = 0306AC9817F40A3B0081FC2E /* ASMapView+Dragging.m */; };
		0306AC9C17F416F50081FC2E /* Graphic.m in Sources */ = {isa = PBXBuildFile; fileRef = 0306AC9B17F416F50081FC2E /* Graphic.m */; };
		030728D0179A8A74002E3CE7 /* CourseObject.m in Sources */ = {isa = PBXBuildFile; fileRef = 030728CF179A8A74002E3CE7 /* CourseObject.m */; };
		032001BE12FE9EF900707BA5 /* Cocoa.framework in Frameworks */ = {isa = PBXBuildFile; fileRef = 032001BD12FE9EF900707BA5 /* Cocoa.framework */; };
		032001C812FE9EF900707BA5 /* InfoPlist.strings in Resources */ = {isa = PBXBuildFile; fileRef = 032001C612FE9EF900707BA5 /* InfoPlist.strings */; };
		032001CB12FE9EF900707BA5 /* main.m in Sources */ = {isa = PBXBuildFile; fileRef = 032001CA12FE9EF900707BA5 /* main.m */; };
		032001CE12FE9EF900707BA5 /* Credits.rtf in Resources */ = {isa = PBXBuildFile; fileRef = 032001CC12FE9EF900707BA5 /* Credits.rtf */; };
		032001D112FE9EF900707BA5 /* ASOcourseDocument.m in Sources */ = {isa = PBXBuildFile; fileRef = 032001D012FE9EF900707BA5 /* ASOcourseDocument.m */; };
		032001D412FE9EF900707BA5 /* ASOcourseDocument.xib in Resources */ = {isa = PBXBuildFile; fileRef = 032001D212FE9EF900707BA5 /* ASOcourseDocument.xib */; };
		032001D712FE9EF900707BA5 /* MainMenu.xib in Resources */ = {isa = PBXBuildFile; fileRef = 032001D512FE9EF900707BA5 /* MainMenu.xib */; };
		032001E212FE9F1000707BA5 /* ocdimport.c in Sources */ = {isa = PBXBuildFile; fileRef = 032001E012FE9F1000707BA5 /* ocdimport.c */; };
		033D6818134AF79C00502CA8 /* QuartzCore.framework in Frameworks */ = {isa = PBXBuildFile; fileRef = 033D6817134AF79C00502CA8 /* QuartzCore.framework */; };
		033DA8B1144EFFC600C787F8 /* ASGenericImageController.h in Headers */ = {isa = PBXBuildFile; fileRef = 033DA8AF144EFFC600C787F8 /* ASGenericImageController.h */; };
		033DA8B2144EFFC600C787F8 /* ASGenericImageController.m in Sources */ = {isa = PBXBuildFile; fileRef = 033DA8B0144EFFC600C787F8 /* ASGenericImageController.m */; };
		033DA8B3144EFFC600C787F8 /* ASGenericImageController.m in Sources */ = {isa = PBXBuildFile; fileRef = 033DA8B0144EFFC600C787F8 /* ASGenericImageController.m */; };
		033DA8B7144F04BD00C787F8 /* AppKit.framework in Frameworks */ = {isa = PBXBuildFile; fileRef = 033DA8B6144F04BD00C787F8 /* AppKit.framework */; };
		0367EBAD17CA70A400784BE0 /* Layout.m in Sources */ = {isa = PBXBuildFile; fileRef = 0367EBAC17CA70A400784BE0 /* Layout.m */; };
		0367EBB017CB3AC900784BE0 /* ASLayoutController.m in Sources */ = {isa = PBXBuildFile; fileRef = 0367EBAF17CB3AC800784BE0 /* ASLayoutController.m */; };
		0367EBB317CB3CAE00784BE0 /* ASScaleFormatter.m in Sources */ = {isa = PBXBuildFile; fileRef = 0367EBB217CB3CAE00784BE0 /* ASScaleFormatter.m */; };
		0373FA6D1349A42C006E41C9 /* ASMapView.m in Sources */ = {isa = PBXBuildFile; fileRef = 0373FA6C1349A42C006E41C9 /* ASMapView.m */; };
		037A4448175F3CD900FFABBD /* Course.m in Sources */ = {isa = PBXBuildFile; fileRef = 037A4447175F3CD900FFABBD /* Course.m */; };
		0381DD6917D08BA600B2C089 /* ASMapView+Layout.m in Sources */ = {isa = PBXBuildFile; fileRef = 0381DD6817D08BA600B2C089 /* ASMapView+Layout.m */; };
		0381DD6C17DDB3EE00B2C089 /* ASMapPrintingView.m in Sources */ = {isa = PBXBuildFile; fileRef = 0381DD6B17DDB3EE00B2C089 /* ASMapPrintingView.m */; };
		0385ED7C156E2E630013AB2D /* OverprintObject.m in Sources */ = {isa = PBXBuildFile; fileRef = 0385ED7B156E2E630013AB2D /* OverprintObject.m */; };
		03A3525013B30F480028D87C /* AppDelegate.m in Sources */ = {isa = PBXBuildFile; fileRef = 03A3524F13B30F480028D87C /* AppDelegate.m */; };
		03A3526C13B31C5D0028D87C /* QuickLook.framework in Frameworks */ = {isa = PBXBuildFile; fileRef = 03A3526B13B31C5D0028D87C /* QuickLook.framework */; };
		03A3526E13B31C5D0028D87C /* ApplicationServices.framework in Frameworks */ = {isa = PBXBuildFile; fileRef = 03A3526D13B31C5D0028D87C /* ApplicationServices.framework */; };
		03A3527013B31C5D0028D87C /* CoreServices.framework in Frameworks */ = {isa = PBXBuildFile; fileRef = 03A3526F13B31C5D0028D87C /* CoreServices.framework */; };
		03A3527213B31C5D0028D87C /* CoreFoundation.framework in Frameworks */ = {isa = PBXBuildFile; fileRef = 03A3527113B31C5D0028D87C /* CoreFoundation.framework */; };
		03A3527813B31C5E0028D87C /* InfoPlist.strings in Resources */ = {isa = PBXBuildFile; fileRef = 03A3527613B31C5E0028D87C /* InfoPlist.strings */; };
		03A3527A13B31C5E0028D87C /* GenerateThumbnailForURL.m in Sources */ = {isa = PBXBuildFile; fileRef = 03A3527913B31C5E0028D87C /* GenerateThumbnailForURL.m */; };
		03A3527C13B31C5E0028D87C /* GeneratePreviewForURL.m in Sources */ = {isa = PBXBuildFile; fileRef = 03A3527B13B31C5E0028D87C /* GeneratePreviewForURL.m */; };
		03A3527E13B31C5E0028D87C /* main.c in Sources */ = {isa = PBXBuildFile; fileRef = 03A3527D13B31C5E0028D87C /* main.c */; };
		03A3528613B32B030028D87C /* ASOCADController.m in Sources */ = {isa = PBXBuildFile; fileRef = 03C305151347B5FA00FB8133 /* ASOCADController.m */; };
		03A3528713B32B060028D87C /* ocdimport.c in Sources */ = {isa = PBXBuildFile; fileRef = 032001E012FE9F1000707BA5 /* ocdimport.c */; };
		03A3528813B331350028D87C /* QuartzCore.framework in Frameworks */ = {isa = PBXBuildFile; fileRef = 033D6817134AF79C00502CA8 /* QuartzCore.framework */; };
		03A3528913B331450028D87C /* Foundation.framework in Frameworks */ = {isa = PBXBuildFile; fileRef = 032001C212FE9EF900707BA5 /* Foundation.framework */; };
		03A3529313B33AD80028D87C /* OCAD map preview.qlgenerator in CopyFiles */ = {isa = PBXBuildFile; fileRef = 03A3526A13B31C5D0028D87C /* OCAD map preview.qlgenerator */; };
		03A5113F13B7AE6000469BCF /* ASOCADController_Text.h in Headers */ = {isa = PBXBuildFile; fileRef = 03A5113D13B7AE5F00469BCF /* ASOCADController_Text.h */; };
		03A5114013B7AE6000469BCF /* ASOCADController_Text.m in Sources */ = {isa = PBXBuildFile; fileRef = 03A5113E13B7AE6000469BCF /* ASOCADController_Text.m */; };
		03A5114113B7AE6000469BCF /* ASOCADController_Text.m in Sources */ = {isa = PBXBuildFile; fileRef = 03A5113E13B7AE6000469BCF /* ASOCADController_Text.m */; };
		03A5114413B7AE9100469BCF /* ASOCADController_Area.h in Headers */ = {isa = PBXBuildFile; fileRef = 03A5114213B7AE9100469BCF /* ASOCADController_Area.h */; };
		03A5114513B7AE9100469BCF /* ASOCADController_Area.m in Sources */ = {isa = PBXBuildFile; fileRef = 03A5114313B7AE9100469BCF /* ASOCADController_Area.m */; };
		03A5114613B7AE9100469BCF /* ASOCADController_Area.m in Sources */ = {isa = PBXBuildFile; fileRef = 03A5114313B7AE9100469BCF /* ASOCADController_Area.m */; };
		03A5114913B7AF0E00469BCF /* ASOCADController_Line.h in Headers */ = {isa = PBXBuildFile; fileRef = 03A5114713B7AF0E00469BCF /* ASOCADController_Line.h */; };
		03A5114A13B7AF0E00469BCF /* ASOCADController_Line.m in Sources */ = {isa = PBXBuildFile; fileRef = 03A5114813B7AF0E00469BCF /* ASOCADController_Line.m */; };
		03A5114B13B7AF0E00469BCF /* ASOCADController_Line.m in Sources */ = {isa = PBXBuildFile; fileRef = 03A5114813B7AF0E00469BCF /* ASOCADController_Line.m */; };
		03AAD36C1787574400CA4F9B /* o-courseapp.iconset in Resources */ = {isa = PBXBuildFile; fileRef = 03AAD36A1787574400CA4F9B /* o-courseapp.iconset */; };
		03AAD36D1787574400CA4F9B /* o-coursedocument.iconset in Resources */ = {isa = PBXBuildFile; fileRef = 03AAD36B1787574400CA4F9B /* o-coursedocument.iconset */; };
		03B86EA21763AD0200C4A358 /* Localizable.strings in Resources */ = {isa = PBXBuildFile; fileRef = 03B86EA41763AD0200C4A358 /* Localizable.strings */; };
		03B86EA71765376000C4A358 /* Control.png in Resources */ = {isa = PBXBuildFile; fileRef = 03B86EA61765376000C4A358 /* Control.png */; };
		03B86EA917653A2E00C4A358 /* Finish.png in Resources */ = {isa = PBXBuildFile; fileRef = 03B86EA817653A2E00C4A358 /* Finish.png */; };
		03B86EAC17653C6100C4A358 /* Control definitions.png in Resources */ = {isa = PBXBuildFile; fileRef = 03B86EAA17653C6100C4A358 /* Control definitions.png */; };
		03B86EAD17653C6100C4A358 /* Start.png in Resources */ = {isa = PBXBuildFile; fileRef = 03B86EAB17653C6100C4A358 /* Start.png */; };
		03B90D3B14330A530033216D /* CoordinateTransverser.m in Sources */ = {isa = PBXBuildFile; fileRef = 03B90D3A14330A530033216D /* CoordinateTransverser.m */; };
		03B90D3D143315A10033216D /* CoordinateTransverser.m in Sources */ = {isa = PBXBuildFile; fileRef = 03B90D3A14330A530033216D /* CoordinateTransverser.m */; };
		03C305161347B5FA00FB8133 /* ASOCADController.m in Sources */ = {isa = PBXBuildFile; fileRef = 03C305151347B5FA00FB8133 /* ASOCADController.m */; };
		03CE92A3142E6C06003EBECD /* MyDocumentController.m in Sources */ = {isa = PBXBuildFile; fileRef = 03CE92A2142E6C06003EBECD /* MyDocumentController.m */; };
		03D6D19B17F382230082CB9F /* O-course.xcdatamodeld in Sources */ = {isa = PBXBuildFile; fileRef = 03D6D19917F382230082CB9F /* O-course.xcdatamodeld */; };
		03D6D19C17F384530082CB9F /* O-course.xcdatamodeld in Sources */ = {isa = PBXBuildFile; fileRef = 03D6D19917F382230082CB9F /* O-course.xcdatamodeld */; };
		03D97B0D17F47F740080C7B4 /* WhiteArea.png in Resources */ = {isa = PBXBuildFile; fileRef = 03D97B0C17F47F740080C7B4 /* WhiteArea.png */; };
		03D97B0F17F481940080C7B4 /* ForbiddenArea.png in Resources */ = {isa = PBXBuildFile; fileRef = 03D97B0E17F481940080C7B4 /* ForbiddenArea.png */; };
		03D97B1317F4C4A50080C7B4 /* MaskedArea.m in Sources */ = {isa = PBXBuildFile; fileRef = 03D97B1217F4C4A50080C7B4 /* MaskedArea.m */; };
		03EEB2A0147194A300BD9E0F /* ASOverprintController.m in Sources */ = {isa = PBXBuildFile; fileRef = 03EEB29F147194A300BD9E0F /* ASOverprintController.m */; };
		03EEB2A61471C0D100BD9E0F /* ASControlDescriptionView.m in Sources */ = {isa = PBXBuildFile; fileRef = 03EEB2A51471C0D100BD9E0F /* ASControlDescriptionView.m */; };
		03EEB2A9147427F500BD9E0F /* ASCourseController.m in Sources */ = {isa = PBXBuildFile; fileRef = 03EEB2A8147427F400BD9E0F /* ASCourseController.m */; };
		03EEB2AC1474330500BD9E0F /* ASDistanceFormatter.m in Sources */ = {isa = PBXBuildFile; fileRef = 03EEB2AB1474330500BD9E0F /* ASDistanceFormatter.m */; };
		03F2C76B142C72600053A47F /* Project.m in Sources */ = {isa = PBXBuildFile; fileRef = 03F2C76A142C72600053A47F /* Project.m */; };
		03FA63A1156FEBB700EF4ACF /* ASCourseObjectSelectionView.m in Sources */ = {isa = PBXBuildFile; fileRef = 03FA63A0156FEBB700EF4ACF /* ASCourseObjectSelectionView.m */; };
		03FA63A5156FEE3A00EF4ACF /* ASControlDescriptionView+CourseObjects.m in Sources */ = {isa = PBXBuildFile; fileRef = 03FA63A4156FEE3A00EF4ACF /* ASControlDescriptionView+CourseObjects.m */; };
		03FA63A81570006200EF4ACF /* ASEditableControlDescriptionView.m in Sources */ = {isa = PBXBuildFile; fileRef = 03FA63A71570006200EF4ACF /* ASEditableControlDescriptionView.m */; };
		03FA63AA1570125300EF4ACF /* linen_texture.jpg in Resources */ = {isa = PBXBuildFile; fileRef = 03FA63A91570125300EF4ACF /* linen_texture.jpg */; };
/* End PBXBuildFile section */

/* Begin PBXContainerItemProxy section */
		03A3529013B33AB30028D87C /* PBXContainerItemProxy */ = {
			isa = PBXContainerItemProxy;
			containerPortal = 032001B012FE9EF900707BA5 /* Project object */;
			proxyType = 1;
			remoteGlobalIDString = 03A3526913B31C5D0028D87C;
			remoteInfo = "OCAD map preview";
		};
/* End PBXContainerItemProxy section */

/* Begin PBXCopyFilesBuildPhase section */
		03A3529213B33AB70028D87C /* CopyFiles */ = {
			isa = PBXCopyFilesBuildPhase;
			buildActionMask = 2147483647;
			dstPath = Contents/Library/QuickLook;
			dstSubfolderSpec = 1;
			files = (
				03A3529313B33AD80028D87C /* OCAD map preview.qlgenerator in CopyFiles */,
			);
			runOnlyForDeploymentPostprocessing = 0;
		};
/* End PBXCopyFilesBuildPhase section */

/* Begin PBXFileReference section */
		0306AC9417F2DCAB0081FC2E /* BackgroundMap.h */ = {isa = PBXFileReference; fileEncoding = 4; lastKnownFileType = sourcecode.c.h; path = BackgroundMap.h; sourceTree = "<group>"; };
		0306AC9517F2DCAB0081FC2E /* BackgroundMap.m */ = {isa = PBXFileReference; fileEncoding = 4; lastKnownFileType = sourcecode.c.objc; path = BackgroundMap.m; sourceTree = "<group>"; };
		0306AC9717F40A3B0081FC2E /* ASMapView+Dragging.h */ = {isa = PBXFileReference; fileEncoding = 4; lastKnownFileType = sourcecode.c.h; path = "ASMapView+Dragging.h"; sourceTree = "<group>"; };
		0306AC9817F40A3B0081FC2E /* ASMapView+Dragging.m */ = {isa = PBXFileReference; fileEncoding = 4; lastKnownFileType = sourcecode.c.objc; path = "ASMapView+Dragging.m"; sourceTree = "<group>"; };
		0306AC9A17F416F50081FC2E /* Graphic.h */ = {isa = PBXFileReference; fileEncoding = 4; lastKnownFileType = sourcecode.c.h; path = Graphic.h; sourceTree = "<group>"; };
		0306AC9B17F416F50081FC2E /* Graphic.m */ = {isa = PBXFileReference; fileEncoding = 4; lastKnownFileType = sourcecode.c.objc; path = Graphic.m; sourceTree = "<group>"; };
		0306AC9D17F42D6A0081FC2E /* ASGraphicItem.h */ = {isa = PBXFileReference; fileEncoding = 4; lastKnownFileType = sourcecode.c.h; path = ASGraphicItem.h; sourceTree = "<group>"; };
		030728CE179A8A74002E3CE7 /* CourseObject.h */ = {isa = PBXFileReference; fileEncoding = 4; lastKnownFileType = sourcecode.c.h; path = CourseObject.h; sourceTree = "<group>"; };
		030728CF179A8A74002E3CE7 /* CourseObject.m */ = {isa = PBXFileReference; fileEncoding = 4; lastKnownFileType = sourcecode.c.objc; path = CourseObject.m; sourceTree = "<group>"; };
		032001B912FE9EF900707BA5 /* O-course.app */ = {isa = PBXFileReference; explicitFileType = wrapper.application; includeInIndex = 0; path = "O-course.app"; sourceTree = BUILT_PRODUCTS_DIR; };
		032001BD12FE9EF900707BA5 /* Cocoa.framework */ = {isa = PBXFileReference; lastKnownFileType = wrapper.framework; name = Cocoa.framework; path = System/Library/Frameworks/Cocoa.framework; sourceTree = SDKROOT; };
		032001C012FE9EF900707BA5 /* AppKit.framework */ = {isa = PBXFileReference; lastKnownFileType = wrapper.framework; name = AppKit.framework; path = System/Library/Frameworks/AppKit.framework; sourceTree = SDKROOT; };
		032001C112FE9EF900707BA5 /* CoreData.framework */ = {isa = PBXFileReference; lastKnownFileType = wrapper.framework; name = CoreData.framework; path = System/Library/Frameworks/CoreData.framework; sourceTree = SDKROOT; };
		032001C212FE9EF900707BA5 /* Foundation.framework */ = {isa = PBXFileReference; lastKnownFileType = wrapper.framework; name = Foundation.framework; path = System/Library/Frameworks/Foundation.framework; sourceTree = SDKROOT; };
		032001C512FE9EF900707BA5 /* O_course-Info.plist */ = {isa = PBXFileReference; lastKnownFileType = text.plist.xml; path = "O_course-Info.plist"; sourceTree = "<group>"; };
		032001C712FE9EF900707BA5 /* en */ = {isa = PBXFileReference; lastKnownFileType = text.plist.strings; name = en; path = en.lproj/InfoPlist.strings; sourceTree = "<group>"; };
		032001C912FE9EF900707BA5 /* O_course-Prefix.pch */ = {isa = PBXFileReference; lastKnownFileType = sourcecode.c.h; path = "O_course-Prefix.pch"; sourceTree = "<group>"; };
		032001CA12FE9EF900707BA5 /* main.m */ = {isa = PBXFileReference; lastKnownFileType = sourcecode.c.objc; path = main.m; sourceTree = "<group>"; };
		032001CD12FE9EF900707BA5 /* en */ = {isa = PBXFileReference; lastKnownFileType = text.rtf; name = en; path = en.lproj/Credits.rtf; sourceTree = "<group>"; };
		032001CF12FE9EF900707BA5 /* ASOcourseDocument.h */ = {isa = PBXFileReference; lastKnownFileType = sourcecode.c.h; path = ASOcourseDocument.h; sourceTree = "<group>"; };
		032001D012FE9EF900707BA5 /* ASOcourseDocument.m */ = {isa = PBXFileReference; fileEncoding = 4; lastKnownFileType = sourcecode.c.objc; path = ASOcourseDocument.m; sourceTree = "<group>"; };
		032001D312FE9EF900707BA5 /* en */ = {isa = PBXFileReference; lastKnownFileType = file.xib; name = en; path = en.lproj/ASOcourseDocument.xib; sourceTree = "<group>"; };
		032001D612FE9EF900707BA5 /* en */ = {isa = PBXFileReference; lastKnownFileType = file.xib; name = en; path = en.lproj/MainMenu.xib; sourceTree = "<group>"; };
		032001E012FE9F1000707BA5 /* ocdimport.c */ = {isa = PBXFileReference; fileEncoding = 4; lastKnownFileType = sourcecode.c.c; path = ocdimport.c; sourceTree = "<group>"; };
		032001E112FE9F1000707BA5 /* ocdimport.h */ = {isa = PBXFileReference; fileEncoding = 4; lastKnownFileType = sourcecode.c.h; path = ocdimport.h; sourceTree = "<group>"; };
		0321D2D4156D13A600180ADE /* O-course.entitlements */ = {isa = PBXFileReference; lastKnownFileType = text.xml; path = "O-course.entitlements"; sourceTree = "<group>"; };
		033D6817134AF79C00502CA8 /* QuartzCore.framework */ = {isa = PBXFileReference; lastKnownFileType = wrapper.framework; name = QuartzCore.framework; path = System/Library/Frameworks/QuartzCore.framework; sourceTree = SDKROOT; };
		033DA8A8144EF8E600C787F8 /* README */ = {isa = PBXFileReference; lastKnownFileType = text; path = README; sourceTree = SOURCE_ROOT; };
		033DA8AF144EFFC600C787F8 /* ASGenericImageController.h */ = {isa = PBXFileReference; fileEncoding = 4; lastKnownFileType = sourcecode.c.h; path = ASGenericImageController.h; sourceTree = "<group>"; };
		033DA8B0144EFFC600C787F8 /* ASGenericImageController.m */ = {isa = PBXFileReference; fileEncoding = 4; lastKnownFileType = sourcecode.c.objc; path = ASGenericImageController.m; sourceTree = "<group>"; };
		033DA8B6144F04BD00C787F8 /* AppKit.framework */ = {isa = PBXFileReference; lastKnownFileType = wrapper.framework; name = AppKit.framework; path = System/Library/Frameworks/AppKit.framework; sourceTree = SDKROOT; };
		0367EBAB17CA70A400784BE0 /* Layout.h */ = {isa = PBXFileReference; fileEncoding = 4; lastKnownFileType = sourcecode.c.h; name = Layout.h; path = "O-course/Layout.h"; sourceTree = "<group>"; };
		0367EBAC17CA70A400784BE0 /* Layout.m */ = {isa = PBXFileReference; fileEncoding = 4; lastKnownFileType = sourcecode.c.objc; name = Layout.m; path = "O-course/Layout.m"; sourceTree = "<group>"; };
		0367EBAE17CB3AC800784BE0 /* ASLayoutController.h */ = {isa = PBXFileReference; fileEncoding = 4; lastKnownFileType = sourcecode.c.h; path = ASLayoutController.h; sourceTree = "<group>"; };
		0367EBAF17CB3AC800784BE0 /* ASLayoutController.m */ = {isa = PBXFileReference; fileEncoding = 4; lastKnownFileType = sourcecode.c.objc; path = ASLayoutController.m; sourceTree = "<group>"; };
		0367EBB117CB3CAE00784BE0 /* ASScaleFormatter.h */ = {isa = PBXFileReference; fileEncoding = 4; lastKnownFileType = sourcecode.c.h; path = ASScaleFormatter.h; sourceTree = "<group>"; };
		0367EBB217CB3CAE00784BE0 /* ASScaleFormatter.m */ = {isa = PBXFileReference; fileEncoding = 4; lastKnownFileType = sourcecode.c.objc; path = ASScaleFormatter.m; sourceTree = "<group>"; };
		0373FA6B1349A42C006E41C9 /* ASMapView.h */ = {isa = PBXFileReference; fileEncoding = 4; lastKnownFileType = sourcecode.c.h; path = ASMapView.h; sourceTree = "<group>"; };
		0373FA6C1349A42C006E41C9 /* ASMapView.m */ = {isa = PBXFileReference; fileEncoding = 4; lastKnownFileType = sourcecode.c.objc; path = ASMapView.m; sourceTree = "<group>"; };
		037A4446175F3CD900FFABBD /* Course.h */ = {isa = PBXFileReference; fileEncoding = 4; lastKnownFileType = sourcecode.c.h; name = Course.h; path = "O-course/Course.h"; sourceTree = "<group>"; };
		037A4447175F3CD900FFABBD /* Course.m */ = {isa = PBXFileReference; fileEncoding = 4; lastKnownFileType = sourcecode.c.objc; name = Course.m; path = "O-course/Course.m"; sourceTree = "<group>"; };
		0381DD6717D08BA600B2C089 /* ASMapView+Layout.h */ = {isa = PBXFileReference; fileEncoding = 4; lastKnownFileType = sourcecode.c.h; path = "ASMapView+Layout.h"; sourceTree = "<group>"; };
		0381DD6817D08BA600B2C089 /* ASMapView+Layout.m */ = {isa = PBXFileReference; fileEncoding = 4; lastKnownFileType = sourcecode.c.objc; path = "ASMapView+Layout.m"; sourceTree = "<group>"; };
		0381DD6A17DDB3EE00B2C089 /* ASMapPrintingView.h */ = {isa = PBXFileReference; fileEncoding = 4; lastKnownFileType = sourcecode.c.h; path = ASMapPrintingView.h; sourceTree = "<group>"; };
		0381DD6B17DDB3EE00B2C089 /* ASMapPrintingView.m */ = {isa = PBXFileReference; fileEncoding = 4; lastKnownFileType = sourcecode.c.objc; path = ASMapPrintingView.m; sourceTree = "<group>"; };
		0385ED7A156E2E630013AB2D /* OverprintObject.h */ = {isa = PBXFileReference; fileEncoding = 4; lastKnownFileType = sourcecode.c.h; path = OverprintObject.h; sourceTree = "<group>"; };
		0385ED7B156E2E630013AB2D /* OverprintObject.m */ = {isa = PBXFileReference; fileEncoding = 4; lastKnownFileType = sourcecode.c.objc; path = OverprintObject.m; sourceTree = "<group>"; };
		03A3524E13B30F480028D87C /* AppDelegate.h */ = {isa = PBXFileReference; fileEncoding = 4; lastKnownFileType = sourcecode.c.h; path = AppDelegate.h; sourceTree = "<group>"; };
		03A3524F13B30F480028D87C /* AppDelegate.m */ = {isa = PBXFileReference; fileEncoding = 4; lastKnownFileType = sourcecode.c.objc; path = AppDelegate.m; sourceTree = "<group>"; };
		03A3526A13B31C5D0028D87C /* OCAD map preview.qlgenerator */ = {isa = PBXFileReference; explicitFileType = wrapper.cfbundle; includeInIndex = 0; path = "OCAD map preview.qlgenerator"; sourceTree = BUILT_PRODUCTS_DIR; };
		03A3526B13B31C5D0028D87C /* QuickLook.framework */ = {isa = PBXFileReference; lastKnownFileType = wrapper.framework; name = QuickLook.framework; path = System/Library/Frameworks/QuickLook.framework; sourceTree = SDKROOT; };
		03A3526D13B31C5D0028D87C /* ApplicationServices.framework */ = {isa = PBXFileReference; lastKnownFileType = wrapper.framework; name = ApplicationServices.framework; path = System/Library/Frameworks/ApplicationServices.framework; sourceTree = SDKROOT; };
		03A3526F13B31C5D0028D87C /* CoreServices.framework */ = {isa = PBXFileReference; lastKnownFileType = wrapper.framework; name = CoreServices.framework; path = System/Library/Frameworks/CoreServices.framework; sourceTree = SDKROOT; };
		03A3527113B31C5D0028D87C /* CoreFoundation.framework */ = {isa = PBXFileReference; lastKnownFileType = wrapper.framework; name = CoreFoundation.framework; path = System/Library/Frameworks/CoreFoundation.framework; sourceTree = SDKROOT; };
		03A3527513B31C5E0028D87C /* OCAD map preview-Info.plist */ = {isa = PBXFileReference; lastKnownFileType = text.plist.xml; path = "OCAD map preview-Info.plist"; sourceTree = "<group>"; };
		03A3527713B31C5E0028D87C /* en */ = {isa = PBXFileReference; lastKnownFileType = text.plist.strings; name = en; path = en.lproj/InfoPlist.strings; sourceTree = "<group>"; };
		03A3527913B31C5E0028D87C /* GenerateThumbnailForURL.m */ = {isa = PBXFileReference; lastKnownFileType = sourcecode.c.objc; path = GenerateThumbnailForURL.m; sourceTree = "<group>"; };
		03A3527B13B31C5E0028D87C /* GeneratePreviewForURL.m */ = {isa = PBXFileReference; lastKnownFileType = sourcecode.c.objc; path = GeneratePreviewForURL.m; sourceTree = "<group>"; };
		03A3527D13B31C5E0028D87C /* main.c */ = {isa = PBXFileReference; lastKnownFileType = sourcecode.c.c; path = main.c; sourceTree = "<group>"; };
		03A3527F13B31C5E0028D87C /* OCAD map preview-Prefix.pch */ = {isa = PBXFileReference; lastKnownFileType = sourcecode.c.h; path = "OCAD map preview-Prefix.pch"; sourceTree = "<group>"; };
		03A5113D13B7AE5F00469BCF /* ASOCADController_Text.h */ = {isa = PBXFileReference; fileEncoding = 4; lastKnownFileType = sourcecode.c.h; path = ASOCADController_Text.h; sourceTree = "<group>"; };
		03A5113E13B7AE6000469BCF /* ASOCADController_Text.m */ = {isa = PBXFileReference; fileEncoding = 4; lastKnownFileType = sourcecode.c.objc; path = ASOCADController_Text.m; sourceTree = "<group>"; };
		03A5114213B7AE9100469BCF /* ASOCADController_Area.h */ = {isa = PBXFileReference; fileEncoding = 4; lastKnownFileType = sourcecode.c.h; path = ASOCADController_Area.h; sourceTree = "<group>"; };
		03A5114313B7AE9100469BCF /* ASOCADController_Area.m */ = {isa = PBXFileReference; fileEncoding = 4; lastKnownFileType = sourcecode.c.objc; path = ASOCADController_Area.m; sourceTree = "<group>"; };
		03A5114713B7AF0E00469BCF /* ASOCADController_Line.h */ = {isa = PBXFileReference; fileEncoding = 4; lastKnownFileType = sourcecode.c.h; path = ASOCADController_Line.h; sourceTree = "<group>"; };
		03A5114813B7AF0E00469BCF /* ASOCADController_Line.m */ = {isa = PBXFileReference; fileEncoding = 4; lastKnownFileType = sourcecode.c.objc; path = ASOCADController_Line.m; sourceTree = "<group>"; };
		03AAD36A1787574400CA4F9B /* o-courseapp.iconset */ = {isa = PBXFileReference; lastKnownFileType = folder.iconset; path = "o-courseapp.iconset"; sourceTree = "<group>"; };
		03AAD36B1787574400CA4F9B /* o-coursedocument.iconset */ = {isa = PBXFileReference; lastKnownFileType = folder.iconset; path = "o-coursedocument.iconset"; sourceTree = "<group>"; };
		03AAFEC11443874D008567E3 /* OCAD10Format.txt */ = {isa = PBXFileReference; lastKnownFileType = text; path = OCAD10Format.txt; sourceTree = "<group>"; };
		03AAFEC21443874D008567E3 /* OCAD8Format.txt */ = {isa = PBXFileReference; lastKnownFileType = text; path = OCAD8Format.txt; sourceTree = "<group>"; };
		03AAFEC31443874D008567E3 /* OCAD9Format.pdf */ = {isa = PBXFileReference; lastKnownFileType = image.pdf; path = OCAD9Format.pdf; sourceTree = "<group>"; };
		03AAFEC41443874D008567E3 /* OCAD9Format.txt */ = {isa = PBXFileReference; lastKnownFileType = text; path = OCAD9Format.txt; sourceTree = "<group>"; };
		03B86EA31763AD0200C4A358 /* en */ = {isa = PBXFileReference; fileEncoding = 10; lastKnownFileType = text.plist.strings; name = en; path = en.lproj/Localizable.strings; sourceTree = "<group>"; };
		03B86EA51763AD3B00C4A358 /* sv */ = {isa = PBXFileReference; fileEncoding = 10; lastKnownFileType = text.plist.strings; name = sv; path = sv.lproj/Localizable.strings; sourceTree = "<group>"; };
		03B86EA61765376000C4A358 /* Control.png */ = {isa = PBXFileReference; lastKnownFileType = image.png; path = Control.png; sourceTree = "<group>"; };
		03B86EA817653A2E00C4A358 /* Finish.png */ = {isa = PBXFileReference; lastKnownFileType = image.png; path = Finish.png; sourceTree = "<group>"; };
		03B86EAA17653C6100C4A358 /* Control definitions.png */ = {isa = PBXFileReference; lastKnownFileType = image.png; path = "Control definitions.png"; sourceTree = "<group>"; };
		03B86EAB17653C6100C4A358 /* Start.png */ = {isa = PBXFileReference; lastKnownFileType = image.png; path = Start.png; sourceTree = "<group>"; };
		03B90D3914330A530033216D /* CoordinateTransverser.h */ = {isa = PBXFileReference; fileEncoding = 4; lastKnownFileType = sourcecode.c.h; path = CoordinateTransverser.h; sourceTree = "<group>"; };
		03B90D3A14330A530033216D /* CoordinateTransverser.m */ = {isa = PBXFileReference; fileEncoding = 4; lastKnownFileType = sourcecode.c.objc; path = CoordinateTransverser.m; sourceTree = "<group>"; };
		03C305141347B5FA00FB8133 /* ASOCADController.h */ = {isa = PBXFileReference; fileEncoding = 4; lastKnownFileType = sourcecode.c.h; path = ASOCADController.h; sourceTree = "<group>"; };
		03C305151347B5FA00FB8133 /* ASOCADController.m */ = {isa = PBXFileReference; fileEncoding = 4; lastKnownFileType = sourcecode.c.objc; path = ASOCADController.m; sourceTree = "<group>"; };
		03C305171347B60B00FB8133 /* ASMapProvider.h */ = {isa = PBXFileReference; fileEncoding = 4; lastKnownFileType = sourcecode.c.h; path = ASMapProvider.h; sourceTree = "<group>"; };
		03CE92A1142E6C06003EBECD /* MyDocumentController.h */ = {isa = PBXFileReference; fileEncoding = 4; lastKnownFileType = sourcecode.c.h; path = MyDocumentController.h; sourceTree = "<group>"; };
		03CE92A2142E6C06003EBECD /* MyDocumentController.m */ = {isa = PBXFileReference; fileEncoding = 4; lastKnownFileType = sourcecode.c.objc; path = MyDocumentController.m; sourceTree = "<group>"; };
		03D6D19A17F382230082CB9F /* O-course.xcdatamodel */ = {isa = PBXFileReference; lastKnownFileType = wrapper.xcdatamodel; path = "O-course.xcdatamodel"; sourceTree = "<group>"; };
		03D97B0C17F47F740080C7B4 /* WhiteArea.png */ = {isa = PBXFileReference; lastKnownFileType = image.png; path = WhiteArea.png; sourceTree = "<group>"; };
		03D97B0E17F481940080C7B4 /* ForbiddenArea.png */ = {isa = PBXFileReference; lastKnownFileType = image.png; path = ForbiddenArea.png; sourceTree = "<group>"; };
		03D97B1017F4C38E0080C7B4 /* ASMaskedAreaItem.h */ = {isa = PBXFileReference; lastKnownFileType = sourcecode.c.h; path = ASMaskedAreaItem.h; sourceTree = "<group>"; };
		03D97B1117F4C4A50080C7B4 /* MaskedArea.h */ = {isa = PBXFileReference; fileEncoding = 4; lastKnownFileType = sourcecode.c.h; path = MaskedArea.h; sourceTree = "<group>"; };
		03D97B1217F4C4A50080C7B4 /* MaskedArea.m */ = {isa = PBXFileReference; fileEncoding = 4; lastKnownFileType = sourcecode.c.objc; path = MaskedArea.m; sourceTree = "<group>"; };
		03EEB29E147194A300BD9E0F /* ASOverprintController.h */ = {isa = PBXFileReference; fileEncoding = 4; lastKnownFileType = sourcecode.c.h; path = ASOverprintController.h; sourceTree = "<group>"; };
		03EEB29F147194A300BD9E0F /* ASOverprintController.m */ = {isa = PBXFileReference; fileEncoding = 4; lastKnownFileType = sourcecode.c.objc; path = ASOverprintController.m; sourceTree = "<group>"; };
		03EEB2A2147194DB00BD9E0F /* ASControlDescriptionProvider.h */ = {isa = PBXFileReference; fileEncoding = 4; lastKnownFileType = sourcecode.c.h; path = ASControlDescriptionProvider.h; sourceTree = "<group>"; };
		03EEB2A314719D2C00BD9E0F /* ASCourseObject.h */ = {isa = PBXFileReference; fileEncoding = 4; lastKnownFileType = sourcecode.c.h; lineEnding = 0; path = ASCourseObject.h; sourceTree = "<group>"; xcLanguageSpecificationIdentifier = xcode.lang.objcpp; };
		03EEB2A41471C0D100BD9E0F /* ASControlDescriptionView.h */ = {isa = PBXFileReference; fileEncoding = 4; lastKnownFileType = sourcecode.c.h; path = ASControlDescriptionView.h; sourceTree = "<group>"; };
		03EEB2A51471C0D100BD9E0F /* ASControlDescriptionView.m */ = {isa = PBXFileReference; fileEncoding = 4; lastKnownFileType = sourcecode.c.objc; lineEnding = 0; path = ASControlDescriptionView.m; sourceTree = "<group>"; xcLanguageSpecificationIdentifier = xcode.lang.objc; };
		03EEB2A7147427F400BD9E0F /* ASCourseController.h */ = {isa = PBXFileReference; fileEncoding = 4; lastKnownFileType = sourcecode.c.h; path = ASCourseController.h; sourceTree = "<group>"; };
		03EEB2A8147427F400BD9E0F /* ASCourseController.m */ = {isa = PBXFileReference; fileEncoding = 4; lastKnownFileType = sourcecode.c.objc; lineEnding = 0; path = ASCourseController.m; sourceTree = "<group>"; xcLanguageSpecificationIdentifier = xcode.lang.objc; };
		03EEB2AA1474330500BD9E0F /* ASDistanceFormatter.h */ = {isa = PBXFileReference; fileEncoding = 4; lastKnownFileType = sourcecode.c.h; path = ASDistanceFormatter.h; sourceTree = "<group>"; };
		03EEB2AB1474330500BD9E0F /* ASDistanceFormatter.m */ = {isa = PBXFileReference; fileEncoding = 4; lastKnownFileType = sourcecode.c.objc; path = ASDistanceFormatter.m; sourceTree = "<group>"; };
		03F2C769142C725F0053A47F /* Project.h */ = {isa = PBXFileReference; fileEncoding = 4; lastKnownFileType = sourcecode.c.h; name = Project.h; path = "O-course/Project.h"; sourceTree = "<group>"; };
		03F2C76A142C72600053A47F /* Project.m */ = {isa = PBXFileReference; fileEncoding = 4; lastKnownFileType = sourcecode.c.objc; name = Project.m; path = "O-course/Project.m"; sourceTree = "<group>"; };
		03FA639F156FEBB700EF4ACF /* ASCourseObjectSelectionView.h */ = {isa = PBXFileReference; fileEncoding = 4; lastKnownFileType = sourcecode.c.h; path = ASCourseObjectSelectionView.h; sourceTree = "<group>"; };
		03FA63A0156FEBB700EF4ACF /* ASCourseObjectSelectionView.m */ = {isa = PBXFileReference; fileEncoding = 4; lastKnownFileType = sourcecode.c.objc; path = ASCourseObjectSelectionView.m; sourceTree = "<group>"; };
		03FA63A3156FEE3A00EF4ACF /* ASControlDescriptionView+CourseObjects.h */ = {isa = PBXFileReference; fileEncoding = 4; lastKnownFileType = sourcecode.c.h; path = "ASControlDescriptionView+CourseObjects.h"; sourceTree = "<group>"; };
		03FA63A4156FEE3A00EF4ACF /* ASControlDescriptionView+CourseObjects.m */ = {isa = PBXFileReference; fileEncoding = 4; lastKnownFileType = sourcecode.c.objc; lineEnding = 0; path = "ASControlDescriptionView+CourseObjects.m"; sourceTree = "<group>"; xcLanguageSpecificationIdentifier = xcode.lang.objc; };
		03FA63A61570006200EF4ACF /* ASEditableControlDescriptionView.h */ = {isa = PBXFileReference; fileEncoding = 4; lastKnownFileType = sourcecode.c.h; path = ASEditableControlDescriptionView.h; sourceTree = "<group>"; };
		03FA63A71570006200EF4ACF /* ASEditableControlDescriptionView.m */ = {isa = PBXFileReference; fileEncoding = 4; lastKnownFileType = sourcecode.c.objc; path = ASEditableControlDescriptionView.m; sourceTree = "<group>"; };
		03FA63A91570125300EF4ACF /* linen_texture.jpg */ = {isa = PBXFileReference; lastKnownFileType = image.jpeg; path = linen_texture.jpg; sourceTree = "<group>"; };
/* End PBXFileReference section */

/* Begin PBXFrameworksBuildPhase section */
		032001B612FE9EF900707BA5 /* Frameworks */ = {
			isa = PBXFrameworksBuildPhase;
			buildActionMask = 2147483647;
			files = (
				032001BE12FE9EF900707BA5 /* Cocoa.framework in Frameworks */,
				033D6818134AF79C00502CA8 /* QuartzCore.framework in Frameworks */,
			);
			runOnlyForDeploymentPostprocessing = 0;
		};
		03A3526513B31C5D0028D87C /* Frameworks */ = {
			isa = PBXFrameworksBuildPhase;
			buildActionMask = 2147483647;
			files = (
				033DA8B7144F04BD00C787F8 /* AppKit.framework in Frameworks */,
				03A3526C13B31C5D0028D87C /* QuickLook.framework in Frameworks */,
				03A3526E13B31C5D0028D87C /* ApplicationServices.framework in Frameworks */,
				03A3527013B31C5D0028D87C /* CoreServices.framework in Frameworks */,
				03A3527213B31C5D0028D87C /* CoreFoundation.framework in Frameworks */,
				03A3528813B331350028D87C /* QuartzCore.framework in Frameworks */,
				03A3528913B331450028D87C /* Foundation.framework in Frameworks */,
			);
			runOnlyForDeploymentPostprocessing = 0;
		};
/* End PBXFrameworksBuildPhase section */

/* Begin PBXGroup section */
		032001AE12FE9EF900707BA5 = {
			isa = PBXGroup;
			children = (
				033DA8B6144F04BD00C787F8 /* AppKit.framework */,
				03AAFEC01443874D008567E3 /* Specs */,
				033D6872134B05AE00502CA8 /* Resources */,
				033D67D2134AE9B500502CA8 /* OCAD */,
				032001C312FE9EF900707BA5 /* O-course */,
				03A3527313B31C5E0028D87C /* OCAD map preview */,
				032001BC12FE9EF900707BA5 /* Frameworks */,
				032001BA12FE9EF900707BA5 /* Products */,
			);
			sourceTree = "<group>";
		};
		032001BA12FE9EF900707BA5 /* Products */ = {
			isa = PBXGroup;
			children = (
				032001B912FE9EF900707BA5 /* O-course.app */,
				03A3526A13B31C5D0028D87C /* OCAD map preview.qlgenerator */,
			);
			name = Products;
			sourceTree = "<group>";
		};
		032001BC12FE9EF900707BA5 /* Frameworks */ = {
			isa = PBXGroup;
			children = (
				032001BD12FE9EF900707BA5 /* Cocoa.framework */,
				03A3526B13B31C5D0028D87C /* QuickLook.framework */,
				03A3526D13B31C5D0028D87C /* ApplicationServices.framework */,
				03A3526F13B31C5D0028D87C /* CoreServices.framework */,
				03A3527113B31C5D0028D87C /* CoreFoundation.framework */,
				032001BF12FE9EF900707BA5 /* Other Frameworks */,
				033D6817134AF79C00502CA8 /* QuartzCore.framework */,
			);
			name = Frameworks;
			sourceTree = "<group>";
		};
		032001BF12FE9EF900707BA5 /* Other Frameworks */ = {
			isa = PBXGroup;
			children = (
				032001C012FE9EF900707BA5 /* AppKit.framework */,
				032001C112FE9EF900707BA5 /* CoreData.framework */,
				032001C212FE9EF900707BA5 /* Foundation.framework */,
			);
			name = "Other Frameworks";
			sourceTree = "<group>";
		};
		032001C312FE9EF900707BA5 /* O-course */ = {
			isa = PBXGroup;
			children = (
				0321D2D4156D13A600180ADE /* O-course.entitlements */,
				03EEB2A1147194B900BD9E0F /* Protocols */,
				033DA8AF144EFFC600C787F8 /* ASGenericImageController.h */,
				033DA8B0144EFFC600C787F8 /* ASGenericImageController.m */,
				03CE92A1142E6C06003EBECD /* MyDocumentController.h */,
				03CE92A2142E6C06003EBECD /* MyDocumentController.m */,
				03EEB2A41471C0D100BD9E0F /* ASControlDescriptionView.h */,
				03EEB2A51471C0D100BD9E0F /* ASControlDescriptionView.m */,
				03FA63A3156FEE3A00EF4ACF /* ASControlDescriptionView+CourseObjects.h */,
				03FA63A4156FEE3A00EF4ACF /* ASControlDescriptionView+CourseObjects.m */,
				03FA639F156FEBB700EF4ACF /* ASCourseObjectSelectionView.h */,
				03FA63A0156FEBB700EF4ACF /* ASCourseObjectSelectionView.m */,
				03FA63A61570006200EF4ACF /* ASEditableControlDescriptionView.h */,
				03FA63A71570006200EF4ACF /* ASEditableControlDescriptionView.m */,
				0367EBB117CB3CAE00784BE0 /* ASScaleFormatter.h */,
				0367EBB217CB3CAE00784BE0 /* ASScaleFormatter.m */,
				03F2C76C142C81040053A47F /* Model objects */,
				032001CF12FE9EF900707BA5 /* ASOcourseDocument.h */,
				032001D012FE9EF900707BA5 /* ASOcourseDocument.m */,
				0373FA6B1349A42C006E41C9 /* ASMapView.h */,
				0373FA6C1349A42C006E41C9 /* ASMapView.m */,
				0381DD6717D08BA600B2C089 /* ASMapView+Layout.h */,
				0381DD6817D08BA600B2C089 /* ASMapView+Layout.m */,
				0306AC9717F40A3B0081FC2E /* ASMapView+Dragging.h */,
				0306AC9817F40A3B0081FC2E /* ASMapView+Dragging.m */,
				032001C412FE9EF900707BA5 /* Supporting Files */,
				03A3524E13B30F480028D87C /* AppDelegate.h */,
				03A3524F13B30F480028D87C /* AppDelegate.m */,
				03EEB29E147194A300BD9E0F /* ASOverprintController.h */,
				03EEB29F147194A300BD9E0F /* ASOverprintController.m */,
				03EEB2A7147427F400BD9E0F /* ASCourseController.h */,
				03EEB2A8147427F400BD9E0F /* ASCourseController.m */,
				0367EBAE17CB3AC800784BE0 /* ASLayoutController.h */,
				0367EBAF17CB3AC800784BE0 /* ASLayoutController.m */,
				0381DD6A17DDB3EE00B2C089 /* ASMapPrintingView.h */,
				0381DD6B17DDB3EE00B2C089 /* ASMapPrintingView.m */,
				03EEB2AA1474330500BD9E0F /* ASDistanceFormatter.h */,
				03EEB2AB1474330500BD9E0F /* ASDistanceFormatter.m */,
			);
			path = "O-course";
			sourceTree = "<group>";
		};
		032001C412FE9EF900707BA5 /* Supporting Files */ = {
			isa = PBXGroup;
			children = (
				032001C512FE9EF900707BA5 /* O_course-Info.plist */,
				032001C612FE9EF900707BA5 /* InfoPlist.strings */,
				032001C912FE9EF900707BA5 /* O_course-Prefix.pch */,
				032001CA12FE9EF900707BA5 /* main.m */,
				032001CC12FE9EF900707BA5 /* Credits.rtf */,
			);
			name = "Supporting Files";
			sourceTree = "<group>";
		};
		033D67D2134AE9B500502CA8 /* OCAD */ = {
			isa = PBXGroup;
			children = (
				03B90D3914330A530033216D /* CoordinateTransverser.h */,
				03B90D3A14330A530033216D /* CoordinateTransverser.m */,
				032001E012FE9F1000707BA5 /* ocdimport.c */,
				032001E112FE9F1000707BA5 /* ocdimport.h */,
				03A5114213B7AE9100469BCF /* ASOCADController_Area.h */,
				03A5114313B7AE9100469BCF /* ASOCADController_Area.m */,
				03A5113D13B7AE5F00469BCF /* ASOCADController_Text.h */,
				03A5113E13B7AE6000469BCF /* ASOCADController_Text.m */,
				03C305141347B5FA00FB8133 /* ASOCADController.h */,
				03C305151347B5FA00FB8133 /* ASOCADController.m */,
				03A5114713B7AF0E00469BCF /* ASOCADController_Line.h */,
				03A5114813B7AF0E00469BCF /* ASOCADController_Line.m */,
			);
			path = OCAD;
			sourceTree = "<group>";
		};
		033D6872134B05AE00502CA8 /* Resources */ = {
			isa = PBXGroup;
			children = (
				03AAD36A1787574400CA4F9B /* o-courseapp.iconset */,
				03AAD36B1787574400CA4F9B /* o-coursedocument.iconset */,
				03B86EA41763AD0200C4A358 /* Localizable.strings */,
				03FA63A91570125300EF4ACF /* linen_texture.jpg */,
				03B86EA61765376000C4A358 /* Control.png */,
				03B86EAA17653C6100C4A358 /* Control definitions.png */,
				03B86EAB17653C6100C4A358 /* Start.png */,
				033DA8A8144EF8E600C787F8 /* README */,
				032001D212FE9EF900707BA5 /* ASOcourseDocument.xib */,
				03B86EA817653A2E00C4A358 /* Finish.png */,
				032001D512FE9EF900707BA5 /* MainMenu.xib */,
				03D97B0C17F47F740080C7B4 /* WhiteArea.png */,
				03D97B0E17F481940080C7B4 /* ForbiddenArea.png */,
			);
			path = Resources;
			sourceTree = "<group>";
		};
		03A3527313B31C5E0028D87C /* OCAD map preview */ = {
			isa = PBXGroup;
			children = (
				03A3527913B31C5E0028D87C /* GenerateThumbnailForURL.m */,
				03A3527B13B31C5E0028D87C /* GeneratePreviewForURL.m */,
				03A3527D13B31C5E0028D87C /* main.c */,
				03A3527413B31C5E0028D87C /* Supporting Files */,
			);
			path = "OCAD map preview";
			sourceTree = "<group>";
		};
		03A3527413B31C5E0028D87C /* Supporting Files */ = {
			isa = PBXGroup;
			children = (
				03A3527513B31C5E0028D87C /* OCAD map preview-Info.plist */,
				03A3527613B31C5E0028D87C /* InfoPlist.strings */,
				03A3527F13B31C5E0028D87C /* OCAD map preview-Prefix.pch */,
			);
			name = "Supporting Files";
			sourceTree = "<group>";
		};
		03AAFEC01443874D008567E3 /* Specs */ = {
			isa = PBXGroup;
			children = (
				03AAFEC11443874D008567E3 /* OCAD10Format.txt */,
				03AAFEC21443874D008567E3 /* OCAD8Format.txt */,
				03AAFEC31443874D008567E3 /* OCAD9Format.pdf */,
				03AAFEC41443874D008567E3 /* OCAD9Format.txt */,
			);
			path = Specs;
			sourceTree = "<group>";
		};
		03EEB2A1147194B900BD9E0F /* Protocols */ = {
			isa = PBXGroup;
			children = (
				03C305171347B60B00FB8133 /* ASMapProvider.h */,
				03EEB2A314719D2C00BD9E0F /* ASCourseObject.h */,
				03EEB2A2147194DB00BD9E0F /* ASControlDescriptionProvider.h */,
				0306AC9D17F42D6A0081FC2E /* ASGraphicItem.h */,
				03D97B1017F4C38E0080C7B4 /* ASMaskedAreaItem.h */,
			);
			name = Protocols;
			path = ..;
			sourceTree = "<group>";
		};
		03F2C76C142C81040053A47F /* Model objects */ = {
			isa = PBXGroup;
			children = (
				0306AC9417F2DCAB0081FC2E /* BackgroundMap.h */,
				0306AC9517F2DCAB0081FC2E /* BackgroundMap.m */,
				0367EBAB17CA70A400784BE0 /* Layout.h */,
				0367EBAC17CA70A400784BE0 /* Layout.m */,
				03F2C769142C725F0053A47F /* Project.h */,
				03F2C76A142C72600053A47F /* Project.m */,
				030728CE179A8A74002E3CE7 /* CourseObject.h */,
				030728CF179A8A74002E3CE7 /* CourseObject.m */,
				0385ED7A156E2E630013AB2D /* OverprintObject.h */,
				0385ED7B156E2E630013AB2D /* OverprintObject.m */,
				037A4446175F3CD900FFABBD /* Course.h */,
				037A4447175F3CD900FFABBD /* Course.m */,
				03D6D19917F382230082CB9F /* O-course.xcdatamodeld */,
				03D97B1117F4C4A50080C7B4 /* MaskedArea.h */,
				03D97B1217F4C4A50080C7B4 /* MaskedArea.m */,
				0306AC9A17F416F50081FC2E /* Graphic.h */,
				0306AC9B17F416F50081FC2E /* Graphic.m */,
			);
			name = "Model objects";
			path = ..;
			sourceTree = "<group>";
		};
/* End PBXGroup section */

/* Begin PBXHeadersBuildPhase section */
		03A3526613B31C5D0028D87C /* Headers */ = {
			isa = PBXHeadersBuildPhase;
			buildActionMask = 2147483647;
			files = (
				03A5113F13B7AE6000469BCF /* ASOCADController_Text.h in Headers */,
				03A5114413B7AE9100469BCF /* ASOCADController_Area.h in Headers */,
				03A5114913B7AF0E00469BCF /* ASOCADController_Line.h in Headers */,
				033DA8B1144EFFC600C787F8 /* ASGenericImageController.h in Headers */,
			);
			runOnlyForDeploymentPostprocessing = 0;
		};
/* End PBXHeadersBuildPhase section */

/* Begin PBXNativeTarget section */
		032001B812FE9EF900707BA5 /* O-course */ = {
			isa = PBXNativeTarget;
			buildConfigurationList = 032001DD12FE9EF900707BA5 /* Build configuration list for PBXNativeTarget "O-course" */;
			buildPhases = (
				032001B512FE9EF900707BA5 /* Sources */,
				032001B612FE9EF900707BA5 /* Frameworks */,
				032001B712FE9EF900707BA5 /* Resources */,
				03A3529213B33AB70028D87C /* CopyFiles */,
			);
			buildRules = (
			);
			dependencies = (
				03A3529113B33AB30028D87C /* PBXTargetDependency */,
			);
			name = "O-course";
			productName = "O-course";
			productReference = 032001B912FE9EF900707BA5 /* O-course.app */;
			productType = "com.apple.product-type.application";
		};
		03A3526913B31C5D0028D87C /* OCAD map preview */ = {
			isa = PBXNativeTarget;
			buildConfigurationList = 03A3528013B31C5E0028D87C /* Build configuration list for PBXNativeTarget "OCAD map preview" */;
			buildPhases = (
				03A3526413B31C5D0028D87C /* Sources */,
				03A3526513B31C5D0028D87C /* Frameworks */,
				03A3526613B31C5D0028D87C /* Headers */,
				03A3526713B31C5D0028D87C /* Resources */,
				03A3526813B31C5D0028D87C /* Rez */,
			);
			buildRules = (
			);
			dependencies = (
			);
			name = "OCAD map preview";
			productName = "OCAD map preview";
			productReference = 03A3526A13B31C5D0028D87C /* OCAD map preview.qlgenerator */;
			productType = "com.apple.product-type.bundle";
		};
/* End PBXNativeTarget section */

/* Begin PBXProject section */
		032001B012FE9EF900707BA5 /* Project object */ = {
			isa = PBXProject;
			attributes = {
				LastUpgradeCheck = 0500;
				ORGANIZATIONNAME = "Aderstedt Software AB";
				TargetAttributes = {
					032001B812FE9EF900707BA5 = {
						DevelopmentTeam = T4V2897B74;
					};
				};
			};
			buildConfigurationList = 032001B312FE9EF900707BA5 /* Build configuration list for PBXProject "O-course" */;
			compatibilityVersion = "Xcode 3.2";
			developmentRegion = English;
			hasScannedForEncodings = 0;
			knownRegions = (
				en,
				sv,
			);
			mainGroup = 032001AE12FE9EF900707BA5;
			productRefGroup = 032001BA12FE9EF900707BA5 /* Products */;
			projectDirPath = "";
			projectRoot = "";
			targets = (
				032001B812FE9EF900707BA5 /* O-course */,
				03A3526913B31C5D0028D87C /* OCAD map preview */,
			);
		};
/* End PBXProject section */

/* Begin PBXResourcesBuildPhase section */
		032001B712FE9EF900707BA5 /* Resources */ = {
			isa = PBXResourcesBuildPhase;
			buildActionMask = 2147483647;
			files = (
				032001C812FE9EF900707BA5 /* InfoPlist.strings in Resources */,
				032001CE12FE9EF900707BA5 /* Credits.rtf in Resources */,
				032001D412FE9EF900707BA5 /* ASOcourseDocument.xib in Resources */,
				032001D712FE9EF900707BA5 /* MainMenu.xib in Resources */,
				03D97B0D17F47F740080C7B4 /* WhiteArea.png in Resources */,
				03FA63AA1570125300EF4ACF /* linen_texture.jpg in Resources */,
				03D97B0F17F481940080C7B4 /* ForbiddenArea.png in Resources */,
				03B86EA21763AD0200C4A358 /* Localizable.strings in Resources */,
				03B86EA71765376000C4A358 /* Control.png in Resources */,
				03B86EA917653A2E00C4A358 /* Finish.png in Resources */,
				03B86EAC17653C6100C4A358 /* Control definitions.png in Resources */,
				03B86EAD17653C6100C4A358 /* Start.png in Resources */,
				03AAD36C1787574400CA4F9B /* o-courseapp.iconset in Resources */,
				03AAD36D1787574400CA4F9B /* o-coursedocument.iconset in Resources */,
			);
			runOnlyForDeploymentPostprocessing = 0;
		};
		03A3526713B31C5D0028D87C /* Resources */ = {
			isa = PBXResourcesBuildPhase;
			buildActionMask = 2147483647;
			files = (
				03A3527813B31C5E0028D87C /* InfoPlist.strings in Resources */,
			);
			runOnlyForDeploymentPostprocessing = 0;
		};
/* End PBXResourcesBuildPhase section */

/* Begin PBXRezBuildPhase section */
		03A3526813B31C5D0028D87C /* Rez */ = {
			isa = PBXRezBuildPhase;
			buildActionMask = 2147483647;
			files = (
			);
			runOnlyForDeploymentPostprocessing = 0;
		};
/* End PBXRezBuildPhase section */

/* Begin PBXSourcesBuildPhase section */
		032001B512FE9EF900707BA5 /* Sources */ = {
			isa = PBXSourcesBuildPhase;
			buildActionMask = 2147483647;
			files = (
				032001CB12FE9EF900707BA5 /* main.m in Sources */,
				032001D112FE9EF900707BA5 /* ASOcourseDocument.m in Sources */,
				0306AC9C17F416F50081FC2E /* Graphic.m in Sources */,
				032001E212FE9F1000707BA5 /* ocdimport.c in Sources */,
				03C305161347B5FA00FB8133 /* ASOCADController.m in Sources */,
				0373FA6D1349A42C006E41C9 /* ASMapView.m in Sources */,
				03A3525013B30F480028D87C /* AppDelegate.m in Sources */,
				03A5114013B7AE6000469BCF /* ASOCADController_Text.m in Sources */,
				03A5114513B7AE9100469BCF /* ASOCADController_Area.m in Sources */,
				03A5114A13B7AF0E00469BCF /* ASOCADController_Line.m in Sources */,
				03F2C76B142C72600053A47F /* Project.m in Sources */,
				03CE92A3142E6C06003EBECD /* MyDocumentController.m in Sources */,
				03B90D3B14330A530033216D /* CoordinateTransverser.m in Sources */,
				03D97B1317F4C4A50080C7B4 /* MaskedArea.m in Sources */,
				033DA8B2144EFFC600C787F8 /* ASGenericImageController.m in Sources */,
				0306AC9617F2DCAB0081FC2E /* BackgroundMap.m in Sources */,
				03EEB2A0147194A300BD9E0F /* ASOverprintController.m in Sources */,
				03EEB2A61471C0D100BD9E0F /* ASControlDescriptionView.m in Sources */,
				03EEB2A9147427F500BD9E0F /* ASCourseController.m in Sources */,
				03EEB2AC1474330500BD9E0F /* ASDistanceFormatter.m in Sources */,
				03D6D19B17F382230082CB9F /* O-course.xcdatamodeld in Sources */,
				0385ED7C156E2E630013AB2D /* OverprintObject.m in Sources */,
				03FA63A1156FEBB700EF4ACF /* ASCourseObjectSelectionView.m in Sources */,
				03FA63A5156FEE3A00EF4ACF /* ASControlDescriptionView+CourseObjects.m in Sources */,
				03FA63A81570006200EF4ACF /* ASEditableControlDescriptionView.m in Sources */,
				037A4448175F3CD900FFABBD /* Course.m in Sources */,
				030728D0179A8A74002E3CE7 /* CourseObject.m in Sources */,
				0367EBAD17CA70A400784BE0 /* Layout.m in Sources */,
				0367EBB017CB3AC900784BE0 /* ASLayoutController.m in Sources */,
				0306AC9917F40A3B0081FC2E /* ASMapView+Dragging.m in Sources */,
				0367EBB317CB3CAE00784BE0 /* ASScaleFormatter.m in Sources */,
				0381DD6917D08BA600B2C089 /* ASMapView+Layout.m in Sources */,
				0381DD6C17DDB3EE00B2C089 /* ASMapPrintingView.m in Sources */,
			);
			runOnlyForDeploymentPostprocessing = 0;
		};
		03A3526413B31C5D0028D87C /* Sources */ = {
			isa = PBXSourcesBuildPhase;
			buildActionMask = 2147483647;
			files = (
				03D6D19C17F384530082CB9F /* O-course.xcdatamodeld in Sources */,
				03A3527A13B31C5E0028D87C /* GenerateThumbnailForURL.m in Sources */,
				03A3527C13B31C5E0028D87C /* GeneratePreviewForURL.m in Sources */,
				03A3527E13B31C5E0028D87C /* main.c in Sources */,
				03A3528613B32B030028D87C /* ASOCADController.m in Sources */,
				03A3528713B32B060028D87C /* ocdimport.c in Sources */,
				03A5114113B7AE6000469BCF /* ASOCADController_Text.m in Sources */,
				03A5114613B7AE9100469BCF /* ASOCADController_Area.m in Sources */,
				03A5114B13B7AF0E00469BCF /* ASOCADController_Line.m in Sources */,
				03B90D3D143315A10033216D /* CoordinateTransverser.m in Sources */,
				033DA8B3144EFFC600C787F8 /* ASGenericImageController.m in Sources */,
			);
			runOnlyForDeploymentPostprocessing = 0;
		};
/* End PBXSourcesBuildPhase section */

/* Begin PBXTargetDependency section */
		03A3529113B33AB30028D87C /* PBXTargetDependency */ = {
			isa = PBXTargetDependency;
			target = 03A3526913B31C5D0028D87C /* OCAD map preview */;
			targetProxy = 03A3529013B33AB30028D87C /* PBXContainerItemProxy */;
		};
/* End PBXTargetDependency section */

/* Begin PBXVariantGroup section */
		032001C612FE9EF900707BA5 /* InfoPlist.strings */ = {
			isa = PBXVariantGroup;
			children = (
				032001C712FE9EF900707BA5 /* en */,
			);
			name = InfoPlist.strings;
			sourceTree = "<group>";
		};
		032001CC12FE9EF900707BA5 /* Credits.rtf */ = {
			isa = PBXVariantGroup;
			children = (
				032001CD12FE9EF900707BA5 /* en */,
			);
			name = Credits.rtf;
			sourceTree = "<group>";
		};
		032001D212FE9EF900707BA5 /* ASOcourseDocument.xib */ = {
			isa = PBXVariantGroup;
			children = (
				032001D312FE9EF900707BA5 /* en */,
			);
			name = ASOcourseDocument.xib;
			path = "../O-course";
			sourceTree = "<group>";
		};
		032001D512FE9EF900707BA5 /* MainMenu.xib */ = {
			isa = PBXVariantGroup;
			children = (
				032001D612FE9EF900707BA5 /* en */,
			);
			name = MainMenu.xib;
			path = "../O-course";
			sourceTree = "<group>";
		};
		03A3527613B31C5E0028D87C /* InfoPlist.strings */ = {
			isa = PBXVariantGroup;
			children = (
				03A3527713B31C5E0028D87C /* en */,
			);
			name = InfoPlist.strings;
			sourceTree = "<group>";
		};
		03B86EA41763AD0200C4A358 /* Localizable.strings */ = {
			isa = PBXVariantGroup;
			children = (
				03B86EA31763AD0200C4A358 /* en */,
				03B86EA51763AD3B00C4A358 /* sv */,
			);
			name = Localizable.strings;
			path = Resources;
			sourceTree = SOURCE_ROOT;
		};
/* End PBXVariantGroup section */

/* Begin XCBuildConfiguration section */
		032001DB12FE9EF900707BA5 /* Debug */ = {
			isa = XCBuildConfiguration;
			buildSettings = {
				CLANG_WARN_BOOL_CONVERSION = YES;
				CLANG_WARN_CONSTANT_CONVERSION = YES;
				CLANG_WARN_EMPTY_BODY = YES;
				CLANG_WARN_ENUM_CONVERSION = YES;
				CLANG_WARN_INT_CONVERSION = YES;
				CLANG_WARN__DUPLICATE_METHOD_MATCH = YES;
				GCC_C_LANGUAGE_STANDARD = gnu99;
				GCC_OPTIMIZATION_LEVEL = 0;
				GCC_PREPROCESSOR_DEFINITIONS = DEBUG;
				GCC_VERSION = com.apple.compilers.llvm.clang.1_0;
				GCC_WARN_64_TO_32_BIT_CONVERSION = YES;
				GCC_WARN_ABOUT_RETURN_TYPE = YES;
				GCC_WARN_UNDECLARED_SELECTOR = YES;
				GCC_WARN_UNINITIALIZED_AUTOS = YES;
				GCC_WARN_UNUSED_FUNCTION = YES;
				GCC_WARN_UNUSED_VARIABLE = YES;
				MACOSX_DEPLOYMENT_TARGET = 10.7;
				ONLY_ACTIVE_ARCH = YES;
				SDKROOT = macosx;
			};
			name = Debug;
		};
		032001DC12FE9EF900707BA5 /* Release */ = {
			isa = XCBuildConfiguration;
			buildSettings = {
				CLANG_WARN_BOOL_CONVERSION = YES;
				CLANG_WARN_CONSTANT_CONVERSION = YES;
				CLANG_WARN_EMPTY_BODY = YES;
				CLANG_WARN_ENUM_CONVERSION = YES;
				CLANG_WARN_INT_CONVERSION = YES;
				CLANG_WARN__DUPLICATE_METHOD_MATCH = YES;
				GCC_C_LANGUAGE_STANDARD = gnu99;
				GCC_VERSION = com.apple.compilers.llvm.clang.1_0;
				GCC_WARN_64_TO_32_BIT_CONVERSION = YES;
				GCC_WARN_ABOUT_RETURN_TYPE = YES;
				GCC_WARN_UNDECLARED_SELECTOR = YES;
				GCC_WARN_UNINITIALIZED_AUTOS = YES;
				GCC_WARN_UNUSED_FUNCTION = YES;
				GCC_WARN_UNUSED_VARIABLE = YES;
				MACOSX_DEPLOYMENT_TARGET = 10.7;
				SDKROOT = macosx;
			};
			name = Release;
		};
		032001DE12FE9EF900707BA5 /* Debug */ = {
			isa = XCBuildConfiguration;
			buildSettings = {
				ALWAYS_SEARCH_USER_PATHS = NO;
				CLANG_ENABLE_OBJC_ARC = YES;
				CODE_SIGN_ENTITLEMENTS = "O-course/O-course.entitlements";
				CODE_SIGN_IDENTITY = "Developer ID Application";
				COMBINE_HIDPI_IMAGES = YES;
				COPY_PHASE_STRIP = NO;
				GCC_DYNAMIC_NO_PIC = NO;
				GCC_ENABLE_OBJC_EXCEPTIONS = YES;
				GCC_PRECOMPILE_PREFIX_HEADER = YES;
				GCC_PREFIX_HEADER = "O-course/O_course-Prefix.pch";
				INFOPLIST_FILE = "O-course/O_course-Info.plist";
				MACOSX_DEPLOYMENT_TARGET = 10.8;
				PRODUCT_NAME = "$(TARGET_NAME)";
				WRAPPER_EXTENSION = app;
			};
			name = Debug;
		};
		032001DF12FE9EF900707BA5 /* Release */ = {
			isa = XCBuildConfiguration;
			buildSettings = {
				ALWAYS_SEARCH_USER_PATHS = NO;
				CLANG_ENABLE_OBJC_ARC = YES;
				CODE_SIGN_ENTITLEMENTS = "O-course/O-course.entitlements";
				CODE_SIGN_IDENTITY = "Developer ID Application";
				COMBINE_HIDPI_IMAGES = YES;
				COPY_PHASE_STRIP = YES;
				DEBUG_INFORMATION_FORMAT = "dwarf-with-dsym";
				GCC_ENABLE_OBJC_EXCEPTIONS = YES;
				GCC_PRECOMPILE_PREFIX_HEADER = YES;
				GCC_PREFIX_HEADER = "O-course/O_course-Prefix.pch";
				INFOPLIST_FILE = "O-course/O_course-Info.plist";
				MACOSX_DEPLOYMENT_TARGET = 10.8;
				PRODUCT_NAME = "$(TARGET_NAME)";
				WRAPPER_EXTENSION = app;
			};
			name = Release;
		};
		03A3528113B31C5E0028D87C /* Debug */ = {
			isa = XCBuildConfiguration;
			buildSettings = {
				ALWAYS_SEARCH_USER_PATHS = NO;
				CLANG_ENABLE_OBJC_ARC = YES;
				COMBINE_HIDPI_IMAGES = YES;
				COPY_PHASE_STRIP = NO;
				GCC_DYNAMIC_NO_PIC = NO;
				GCC_ENABLE_OBJC_EXCEPTIONS = YES;
				GCC_PRECOMPILE_PREFIX_HEADER = YES;
				GCC_PREFIX_HEADER = "OCAD map preview/OCAD map preview-Prefix.pch";
				GCC_PREPROCESSOR_DEFINITIONS = (
					"DEBUG=1",
					"$(inherited)",
				);
				GCC_SYMBOLS_PRIVATE_EXTERN = NO;
				GCC_WARN_ABOUT_MISSING_PROTOTYPES = YES;
				INFOPLIST_FILE = "OCAD map preview/OCAD map preview-Info.plist";
				INSTALL_PATH = /Library/QuickLook;
				MACOSX_DEPLOYMENT_TARGET = 10.7;
				PRODUCT_NAME = "$(TARGET_NAME)";
				WRAPPER_EXTENSION = qlgenerator;
			};
			name = Debug;
		};
		03A3528213B31C5E0028D87C /* Release */ = {
			isa = XCBuildConfiguration;
			buildSettings = {
				ALWAYS_SEARCH_USER_PATHS = NO;
				CLANG_ENABLE_OBJC_ARC = YES;
				COMBINE_HIDPI_IMAGES = YES;
				COPY_PHASE_STRIP = YES;
				DEBUG_INFORMATION_FORMAT = "dwarf-with-dsym";
				GCC_ENABLE_OBJC_EXCEPTIONS = YES;
				GCC_PRECOMPILE_PREFIX_HEADER = YES;
				GCC_PREFIX_HEADER = "OCAD map preview/OCAD map preview-Prefix.pch";
				GCC_WARN_ABOUT_MISSING_PROTOTYPES = YES;
				INFOPLIST_FILE = "OCAD map preview/OCAD map preview-Info.plist";
				INSTALL_PATH = /Library/QuickLook;
				MACOSX_DEPLOYMENT_TARGET = 10.7;
				PRODUCT_NAME = "$(TARGET_NAME)";
				WRAPPER_EXTENSION = qlgenerator;
			};
			name = Release;
		};
/* End XCBuildConfiguration section */

/* Begin XCConfigurationList section */
		032001B312FE9EF900707BA5 /* Build configuration list for PBXProject "O-course" */ = {
			isa = XCConfigurationList;
			buildConfigurations = (
				032001DB12FE9EF900707BA5 /* Debug */,
				032001DC12FE9EF900707BA5 /* Release */,
			);
			defaultConfigurationIsVisible = 0;
			defaultConfigurationName = Release;
		};
		032001DD12FE9EF900707BA5 /* Build configuration list for PBXNativeTarget "O-course" */ = {
			isa = XCConfigurationList;
			buildConfigurations = (
				032001DE12FE9EF900707BA5 /* Debug */,
				032001DF12FE9EF900707BA5 /* Release */,
			);
			defaultConfigurationIsVisible = 0;
			defaultConfigurationName = Release;
		};
		03A3528013B31C5E0028D87C /* Build configuration list for PBXNativeTarget "OCAD map preview" */ = {
			isa = XCConfigurationList;
			buildConfigurations = (
				03A3528113B31C5E0028D87C /* Debug */,
				03A3528213B31C5E0028D87C /* Release */,
			);
			defaultConfigurationIsVisible = 0;
			defaultConfigurationName = Release;
		};
/* End XCConfigurationList section */

/* Begin XCVersionGroup section */
		03D6D19917F382230082CB9F /* O-course.xcdatamodeld */ = {
			isa = XCVersionGroup;
			children = (
				03D6D19A17F382230082CB9F /* O-course.xcdatamodel */,
			);
			currentVersion = 03D6D19A17F382230082CB9F /* O-course.xcdatamodel */;
			path = "O-course.xcdatamodeld";
			sourceTree = "<group>";
			versionGroupType = wrapper.xcdatamodel;
		};
/* End XCVersionGroup section */
	};
	rootObject = 032001B012FE9EF900707BA5 /* Project object */;
}
