// !$*UTF8*$!
{
	archiveVersion = 1;
	classes = {
	};
	objectVersion = 46;
	objects = {

/* Begin PBXBuildFile section */
		032001BE12FE9EF900707BA5 /* Cocoa.framework in Frameworks */ = {isa = PBXBuildFile; fileRef = 032001BD12FE9EF900707BA5 /* Cocoa.framework */; };
		032001C812FE9EF900707BA5 /* InfoPlist.strings in Resources */ = {isa = PBXBuildFile; fileRef = 032001C612FE9EF900707BA5 /* InfoPlist.strings */; };
		032001CB12FE9EF900707BA5 /* main.m in Sources */ = {isa = PBXBuildFile; fileRef = 032001CA12FE9EF900707BA5 /* main.m */; };
		032001CE12FE9EF900707BA5 /* Credits.rtf in Resources */ = {isa = PBXBuildFile; fileRef = 032001CC12FE9EF900707BA5 /* Credits.rtf */; };
		032001D112FE9EF900707BA5 /* ASOcourseDocument.m in Sources */ = {isa = PBXBuildFile; fileRef = 032001D012FE9EF900707BA5 /* ASOcourseDocument.m */; };
		032001D412FE9EF900707BA5 /* ASOcourseDocument.xib in Resources */ = {isa = PBXBuildFile; fileRef = 032001D212FE9EF900707BA5 /* ASOcourseDocument.xib */; };
		032001D712FE9EF900707BA5 /* MainMenu.xib in Resources */ = {isa = PBXBuildFile; fileRef = 032001D512FE9EF900707BA5 /* MainMenu.xib */; };
		032001DA12FE9EF900707BA5 /* ASOcourseDocument.xcdatamodeld in Sources */ = {isa = PBXBuildFile; fileRef = 032001D812FE9EF900707BA5 /* ASOcourseDocument.xcdatamodeld */; };
		032001E212FE9F1000707BA5 /* ocdimport.c in Sources */ = {isa = PBXBuildFile; fileRef = 032001E012FE9F1000707BA5 /* ocdimport.c */; };
		033D6818134AF79C00502CA8 /* QuartzCore.framework in Frameworks */ = {isa = PBXBuildFile; fileRef = 033D6817134AF79C00502CA8 /* QuartzCore.framework */; };
		033D6874134B05D100502CA8 /* compass bezel.png in Resources */ = {isa = PBXBuildFile; fileRef = 033D6873134B05D100502CA8 /* compass bezel.png */; };
		0373FA6D1349A42C006E41C9 /* ASMapView.m in Sources */ = {isa = PBXBuildFile; fileRef = 0373FA6C1349A42C006E41C9 /* ASMapView.m */; };
		03A3525013B30F480028D87C /* AppDelegate.m in Sources */ = {isa = PBXBuildFile; fileRef = 03A3524F13B30F480028D87C /* AppDelegate.m */; };
		03A3526C13B31C5D0028D87C /* QuickLook.framework in Frameworks */ = {isa = PBXBuildFile; fileRef = 03A3526B13B31C5D0028D87C /* QuickLook.framework */; };
		03A3526E13B31C5D0028D87C /* ApplicationServices.framework in Frameworks */ = {isa = PBXBuildFile; fileRef = 03A3526D13B31C5D0028D87C /* ApplicationServices.framework */; };
		03A3527013B31C5D0028D87C /* CoreServices.framework in Frameworks */ = {isa = PBXBuildFile; fileRef = 03A3526F13B31C5D0028D87C /* CoreServices.framework */; };
		03A3527213B31C5D0028D87C /* CoreFoundation.framework in Frameworks */ = {isa = PBXBuildFile; fileRef = 03A3527113B31C5D0028D87C /* CoreFoundation.framework */; };
		03A3527813B31C5E0028D87C /* InfoPlist.strings in Resources */ = {isa = PBXBuildFile; fileRef = 03A3527613B31C5E0028D87C /* InfoPlist.strings */; };
		03A3527A13B31C5E0028D87C /* GenerateThumbnailForURL.m in Sources */ = {isa = PBXBuildFile; fileRef = 03A3527913B31C5E0028D87C /* GenerateThumbnailForURL.m */; };
		03A3527C13B31C5E0028D87C /* GeneratePreviewForURL.m in Sources */ = {isa = PBXBuildFile; fileRef = 03A3527B13B31C5E0028D87C /* GeneratePreviewForURL.m */; };
		03A3527E13B31C5E0028D87C /* main.c in Sources */ = {isa = PBXBuildFile; fileRef = 03A3527D13B31C5E0028D87C /* main.c */; };
		03A3528613B32B030028D87C /* ASOCADController.m in Sources */ = {isa = PBXBuildFile; fileRef = 03C305151347B5FA00FB8133 /* ASOCADController.m */; };
		03A3528713B32B060028D87C /* ocdimport.c in Sources */ = {isa = PBXBuildFile; fileRef = 032001E012FE9F1000707BA5 /* ocdimport.c */; };
		03A3528813B331350028D87C /* QuartzCore.framework in Frameworks */ = {isa = PBXBuildFile; fileRef = 033D6817134AF79C00502CA8 /* QuartzCore.framework */; };
		03A3528913B331450028D87C /* Foundation.framework in Frameworks */ = {isa = PBXBuildFile; fileRef = 032001C212FE9EF900707BA5 /* Foundation.framework */; };
		03A3529313B33AD80028D87C /* OCAD map preview.qlgenerator in CopyFiles */ = {isa = PBXBuildFile; fileRef = 03A3526A13B31C5D0028D87C /* OCAD map preview.qlgenerator */; };
		03A5113F13B7AE6000469BCF /* ASOCADController_Text.h in Headers */ = {isa = PBXBuildFile; fileRef = 03A5113D13B7AE5F00469BCF /* ASOCADController_Text.h */; };
		03A5114013B7AE6000469BCF /* ASOCADController_Text.m in Sources */ = {isa = PBXBuildFile; fileRef = 03A5113E13B7AE6000469BCF /* ASOCADController_Text.m */; };
		03A5114113B7AE6000469BCF /* ASOCADController_Text.m in Sources */ = {isa = PBXBuildFile; fileRef = 03A5113E13B7AE6000469BCF /* ASOCADController_Text.m */; };
		03A5114413B7AE9100469BCF /* ASOCADController_Area.h in Headers */ = {isa = PBXBuildFile; fileRef = 03A5114213B7AE9100469BCF /* ASOCADController_Area.h */; };
		03A5114513B7AE9100469BCF /* ASOCADController_Area.m in Sources */ = {isa = PBXBuildFile; fileRef = 03A5114313B7AE9100469BCF /* ASOCADController_Area.m */; };
		03A5114613B7AE9100469BCF /* ASOCADController_Area.m in Sources */ = {isa = PBXBuildFile; fileRef = 03A5114313B7AE9100469BCF /* ASOCADController_Area.m */; };
		03A5114913B7AF0E00469BCF /* ASOCADController_Line.h in Headers */ = {isa = PBXBuildFile; fileRef = 03A5114713B7AF0E00469BCF /* ASOCADController_Line.h */; };
		03A5114A13B7AF0E00469BCF /* ASOCADController_Line.m in Sources */ = {isa = PBXBuildFile; fileRef = 03A5114813B7AF0E00469BCF /* ASOCADController_Line.m */; };
		03A5114B13B7AF0E00469BCF /* ASOCADController_Line.m in Sources */ = {isa = PBXBuildFile; fileRef = 03A5114813B7AF0E00469BCF /* ASOCADController_Line.m */; };
		03B90D3B14330A530033216D /* CoordinateTransverser.m in Sources */ = {isa = PBXBuildFile; fileRef = 03B90D3A14330A530033216D /* CoordinateTransverser.m */; };
		03B90D3D143315A10033216D /* CoordinateTransverser.m in Sources */ = {isa = PBXBuildFile; fileRef = 03B90D3A14330A530033216D /* CoordinateTransverser.m */; };
		03C305161347B5FA00FB8133 /* ASOCADController.m in Sources */ = {isa = PBXBuildFile; fileRef = 03C305151347B5FA00FB8133 /* ASOCADController.m */; };
		03CE92A3142E6C06003EBECD /* MyDocumentController.m in Sources */ = {isa = PBXBuildFile; fileRef = 03CE92A2142E6C06003EBECD /* MyDocumentController.m */; };
		03F2C76B142C72600053A47F /* Project.m in Sources */ = {isa = PBXBuildFile; fileRef = 03F2C76A142C72600053A47F /* Project.m */; };
/* End PBXBuildFile section */

/* Begin PBXContainerItemProxy section */
		03A3529013B33AB30028D87C /* PBXContainerItemProxy */ = {
			isa = PBXContainerItemProxy;
			containerPortal = 032001B012FE9EF900707BA5 /* Project object */;
			proxyType = 1;
			remoteGlobalIDString = 03A3526913B31C5D0028D87C;
			remoteInfo = "OCAD map preview";
		};
/* End PBXContainerItemProxy section */

/* Begin PBXCopyFilesBuildPhase section */
		03A3529213B33AB70028D87C /* CopyFiles */ = {
			isa = PBXCopyFilesBuildPhase;
			buildActionMask = 2147483647;
			dstPath = Contents/Library/QuickLook;
			dstSubfolderSpec = 1;
			files = (
				03A3529313B33AD80028D87C /* OCAD map preview.qlgenerator in CopyFiles */,
			);
			runOnlyForDeploymentPostprocessing = 0;
		};
/* End PBXCopyFilesBuildPhase section */

/* Begin PBXFileReference section */
		032001B912FE9EF900707BA5 /* O-course.app */ = {isa = PBXFileReference; explicitFileType = wrapper.application; includeInIndex = 0; path = "O-course.app"; sourceTree = BUILT_PRODUCTS_DIR; };
		032001BD12FE9EF900707BA5 /* Cocoa.framework */ = {isa = PBXFileReference; lastKnownFileType = wrapper.framework; name = Cocoa.framework; path = System/Library/Frameworks/Cocoa.framework; sourceTree = SDKROOT; };
		032001C012FE9EF900707BA5 /* AppKit.framework */ = {isa = PBXFileReference; lastKnownFileType = wrapper.framework; name = AppKit.framework; path = System/Library/Frameworks/AppKit.framework; sourceTree = SDKROOT; };
		032001C112FE9EF900707BA5 /* CoreData.framework */ = {isa = PBXFileReference; lastKnownFileType = wrapper.framework; name = CoreData.framework; path = System/Library/Frameworks/CoreData.framework; sourceTree = SDKROOT; };
		032001C212FE9EF900707BA5 /* Foundation.framework */ = {isa = PBXFileReference; lastKnownFileType = wrapper.framework; name = Foundation.framework; path = System/Library/Frameworks/Foundation.framework; sourceTree = SDKROOT; };
		032001C512FE9EF900707BA5 /* O_course-Info.plist */ = {isa = PBXFileReference; lastKnownFileType = text.plist.xml; path = "O_course-Info.plist"; sourceTree = "<group>"; };
		032001C712FE9EF900707BA5 /* en */ = {isa = PBXFileReference; lastKnownFileType = text.plist.strings; name = en; path = en.lproj/InfoPlist.strings; sourceTree = "<group>"; };
		032001C912FE9EF900707BA5 /* O_course-Prefix.pch */ = {isa = PBXFileReference; lastKnownFileType = sourcecode.c.h; path = "O_course-Prefix.pch"; sourceTree = "<group>"; };
		032001CA12FE9EF900707BA5 /* main.m */ = {isa = PBXFileReference; lastKnownFileType = sourcecode.c.objc; path = main.m; sourceTree = "<group>"; };
		032001CD12FE9EF900707BA5 /* en */ = {isa = PBXFileReference; lastKnownFileType = text.rtf; name = en; path = en.lproj/Credits.rtf; sourceTree = "<group>"; };
		032001CF12FE9EF900707BA5 /* ASOcourseDocument.h */ = {isa = PBXFileReference; lastKnownFileType = sourcecode.c.h; path = ASOcourseDocument.h; sourceTree = "<group>"; };
		032001D012FE9EF900707BA5 /* ASOcourseDocument.m */ = {isa = PBXFileReference; fileEncoding = 4; lastKnownFileType = sourcecode.c.objc; path = ASOcourseDocument.m; sourceTree = "<group>"; };
		032001D312FE9EF900707BA5 /* en */ = {isa = PBXFileReference; lastKnownFileType = file.xib; name = en; path = en.lproj/ASOcourseDocument.xib; sourceTree = "<group>"; };
		032001D612FE9EF900707BA5 /* en */ = {isa = PBXFileReference; lastKnownFileType = file.xib; name = en; path = en.lproj/MainMenu.xib; sourceTree = "<group>"; };
		032001D912FE9EF900707BA5 /* ASOcourseDocument.xcdatamodel */ = {isa = PBXFileReference; lastKnownFileType = wrapper.xcdatamodel; path = ASOcourseDocument.xcdatamodel; sourceTree = "<group>"; };
		032001E012FE9F1000707BA5 /* ocdimport.c */ = {isa = PBXFileReference; fileEncoding = 4; lastKnownFileType = sourcecode.c.c; path = ocdimport.c; sourceTree = "<group>"; };
		032001E112FE9F1000707BA5 /* ocdimport.h */ = {isa = PBXFileReference; fileEncoding = 4; lastKnownFileType = sourcecode.c.h; path = ocdimport.h; sourceTree = "<group>"; };
		033D6817134AF79C00502CA8 /* QuartzCore.framework */ = {isa = PBXFileReference; lastKnownFileType = wrapper.framework; name = QuartzCore.framework; path = System/Library/Frameworks/QuartzCore.framework; sourceTree = SDKROOT; };
		033D6873134B05D100502CA8 /* compass bezel.png */ = {isa = PBXFileReference; lastKnownFileType = image.png; path = "compass bezel.png"; sourceTree = "<group>"; };
		0373FA6B1349A42C006E41C9 /* ASMapView.h */ = {isa = PBXFileReference; fileEncoding = 4; lastKnownFileType = sourcecode.c.h; path = ASMapView.h; sourceTree = "<group>"; };
		0373FA6C1349A42C006E41C9 /* ASMapView.m */ = {isa = PBXFileReference; fileEncoding = 4; lastKnownFileType = sourcecode.c.objc; path = ASMapView.m; sourceTree = "<group>"; };
		03A3524E13B30F480028D87C /* AppDelegate.h */ = {isa = PBXFileReference; fileEncoding = 4; lastKnownFileType = sourcecode.c.h; path = AppDelegate.h; sourceTree = "<group>"; };
		03A3524F13B30F480028D87C /* AppDelegate.m */ = {isa = PBXFileReference; fileEncoding = 4; lastKnownFileType = sourcecode.c.objc; path = AppDelegate.m; sourceTree = "<group>"; };
		03A3526A13B31C5D0028D87C /* OCAD map preview.qlgenerator */ = {isa = PBXFileReference; explicitFileType = wrapper.cfbundle; includeInIndex = 0; path = "OCAD map preview.qlgenerator"; sourceTree = BUILT_PRODUCTS_DIR; };
		03A3526B13B31C5D0028D87C /* QuickLook.framework */ = {isa = PBXFileReference; lastKnownFileType = wrapper.framework; name = QuickLook.framework; path = System/Library/Frameworks/QuickLook.framework; sourceTree = SDKROOT; };
		03A3526D13B31C5D0028D87C /* ApplicationServices.framework */ = {isa = PBXFileReference; lastKnownFileType = wrapper.framework; name = ApplicationServices.framework; path = System/Library/Frameworks/ApplicationServices.framework; sourceTree = SDKROOT; };
		03A3526F13B31C5D0028D87C /* CoreServices.framework */ = {isa = PBXFileReference; lastKnownFileType = wrapper.framework; name = CoreServices.framework; path = System/Library/Frameworks/CoreServices.framework; sourceTree = SDKROOT; };
		03A3527113B31C5D0028D87C /* CoreFoundation.framework */ = {isa = PBXFileReference; lastKnownFileType = wrapper.framework; name = CoreFoundation.framework; path = System/Library/Frameworks/CoreFoundation.framework; sourceTree = SDKROOT; };
		03A3527513B31C5E0028D87C /* OCAD map preview-Info.plist */ = {isa = PBXFileReference; lastKnownFileType = text.plist.xml; path = "OCAD map preview-Info.plist"; sourceTree = "<group>"; };
		03A3527713B31C5E0028D87C /* en */ = {isa = PBXFileReference; lastKnownFileType = text.plist.strings; name = en; path = en.lproj/InfoPlist.strings; sourceTree = "<group>"; };
		03A3527913B31C5E0028D87C /* GenerateThumbnailForURL.m */ = {isa = PBXFileReference; lastKnownFileType = sourcecode.c.objc; path = GenerateThumbnailForURL.m; sourceTree = "<group>"; };
		03A3527B13B31C5E0028D87C /* GeneratePreviewForURL.m */ = {isa = PBXFileReference; lastKnownFileType = sourcecode.c.objc; path = GeneratePreviewForURL.m; sourceTree = "<group>"; };
		03A3527D13B31C5E0028D87C /* main.c */ = {isa = PBXFileReference; lastKnownFileType = sourcecode.c.c; path = main.c; sourceTree = "<group>"; };
		03A3527F13B31C5E0028D87C /* OCAD map preview-Prefix.pch */ = {isa = PBXFileReference; lastKnownFileType = sourcecode.c.h; path = "OCAD map preview-Prefix.pch"; sourceTree = "<group>"; };
		03A5113D13B7AE5F00469BCF /* ASOCADController_Text.h */ = {isa = PBXFileReference; fileEncoding = 4; lastKnownFileType = sourcecode.c.h; path = ASOCADController_Text.h; sourceTree = "<group>"; };
		03A5113E13B7AE6000469BCF /* ASOCADController_Text.m */ = {isa = PBXFileReference; fileEncoding = 4; lastKnownFileType = sourcecode.c.objc; path = ASOCADController_Text.m; sourceTree = "<group>"; };
		03A5114213B7AE9100469BCF /* ASOCADController_Area.h */ = {isa = PBXFileReference; fileEncoding = 4; lastKnownFileType = sourcecode.c.h; path = ASOCADController_Area.h; sourceTree = "<group>"; };
		03A5114313B7AE9100469BCF /* ASOCADController_Area.m */ = {isa = PBXFileReference; fileEncoding = 4; lastKnownFileType = sourcecode.c.objc; path = ASOCADController_Area.m; sourceTree = "<group>"; };
		03A5114713B7AF0E00469BCF /* ASOCADController_Line.h */ = {isa = PBXFileReference; fileEncoding = 4; lastKnownFileType = sourcecode.c.h; path = ASOCADController_Line.h; sourceTree = "<group>"; };
		03A5114813B7AF0E00469BCF /* ASOCADController_Line.m */ = {isa = PBXFileReference; fileEncoding = 4; lastKnownFileType = sourcecode.c.objc; path = ASOCADController_Line.m; sourceTree = "<group>"; };
		03AAFEC11443874D008567E3 /* OCAD10Format.txt */ = {isa = PBXFileReference; lastKnownFileType = text; path = OCAD10Format.txt; sourceTree = "<group>"; };
		03AAFEC21443874D008567E3 /* OCAD8Format.txt */ = {isa = PBXFileReference; lastKnownFileType = text; path = OCAD8Format.txt; sourceTree = "<group>"; };
		03AAFEC31443874D008567E3 /* OCAD9Format.pdf */ = {isa = PBXFileReference; lastKnownFileType = image.pdf; path = OCAD9Format.pdf; sourceTree = "<group>"; };
		03AAFEC41443874D008567E3 /* OCAD9Format.txt */ = {isa = PBXFileReference; lastKnownFileType = text; path = OCAD9Format.txt; sourceTree = "<group>"; };
		03B90D3914330A530033216D /* CoordinateTransverser.h */ = {isa = PBXFileReference; fileEncoding = 4; lastKnownFileType = sourcecode.c.h; path = CoordinateTransverser.h; sourceTree = "<group>"; };
		03B90D3A14330A530033216D /* CoordinateTransverser.m */ = {isa = PBXFileReference; fileEncoding = 4; lastKnownFileType = sourcecode.c.objc; path = CoordinateTransverser.m; sourceTree = "<group>"; };
		03C305141347B5FA00FB8133 /* ASOCADController.h */ = {isa = PBXFileReference; fileEncoding = 4; lastKnownFileType = sourcecode.c.h; path = ASOCADController.h; sourceTree = "<group>"; };
		03C305151347B5FA00FB8133 /* ASOCADController.m */ = {isa = PBXFileReference; fileEncoding = 4; lastKnownFileType = sourcecode.c.objc; path = ASOCADController.m; sourceTree = "<group>"; };
		03C305171347B60B00FB8133 /* ASMapProvider.h */ = {isa = PBXFileReference; fileEncoding = 4; lastKnownFileType = sourcecode.c.h; path = ASMapProvider.h; sourceTree = "<group>"; };
		03CE92A1142E6C06003EBECD /* MyDocumentController.h */ = {isa = PBXFileReference; fileEncoding = 4; lastKnownFileType = sourcecode.c.h; path = MyDocumentController.h; sourceTree = "<group>"; };
		03CE92A2142E6C06003EBECD /* MyDocumentController.m */ = {isa = PBXFileReference; fileEncoding = 4; lastKnownFileType = sourcecode.c.objc; path = MyDocumentController.m; sourceTree = "<group>"; };
		03F2C769142C725F0053A47F /* Project.h */ = {isa = PBXFileReference; fileEncoding = 4; lastKnownFileType = sourcecode.c.h; name = Project.h; path = "O-course/Project.h"; sourceTree = "<group>"; };
		03F2C76A142C72600053A47F /* Project.m */ = {isa = PBXFileReference; fileEncoding = 4; lastKnownFileType = sourcecode.c.objc; name = Project.m; path = "O-course/Project.m"; sourceTree = "<group>"; };
/* End PBXFileReference section */

/* Begin PBXFrameworksBuildPhase section */
		032001B612FE9EF900707BA5 /* Frameworks */ = {
			isa = PBXFrameworksBuildPhase;
			buildActionMask = 2147483647;
			files = (
				032001BE12FE9EF900707BA5 /* Cocoa.framework in Frameworks */,
				033D6818134AF79C00502CA8 /* QuartzCore.framework in Frameworks */,
			);
			runOnlyForDeploymentPostprocessing = 0;
		};
		03A3526513B31C5D0028D87C /* Frameworks */ = {
			isa = PBXFrameworksBuildPhase;
			buildActionMask = 2147483647;
			files = (
				03A3526C13B31C5D0028D87C /* QuickLook.framework in Frameworks */,
				03A3526E13B31C5D0028D87C /* ApplicationServices.framework in Frameworks */,
				03A3527013B31C5D0028D87C /* CoreServices.framework in Frameworks */,
				03A3527213B31C5D0028D87C /* CoreFoundation.framework in Frameworks */,
				03A3528813B331350028D87C /* QuartzCore.framework in Frameworks */,
				03A3528913B331450028D87C /* Foundation.framework in Frameworks */,
			);
			runOnlyForDeploymentPostprocessing = 0;
		};
/* End PBXFrameworksBuildPhase section */

/* Begin PBXGroup section */
		032001AE12FE9EF900707BA5 = {
			isa = PBXGroup;
			children = (
				03AAFEC01443874D008567E3 /* Specs */,
				033D6872134B05AE00502CA8 /* Resources */,
				033D67D2134AE9B500502CA8 /* OCAD */,
				03C305171347B60B00FB8133 /* ASMapProvider.h */,
				032001C312FE9EF900707BA5 /* O-course */,
				03A3527313B31C5E0028D87C /* OCAD map preview */,
				032001BC12FE9EF900707BA5 /* Frameworks */,
				032001BA12FE9EF900707BA5 /* Products */,
			);
			sourceTree = "<group>";
		};
		032001BA12FE9EF900707BA5 /* Products */ = {
			isa = PBXGroup;
			children = (
				032001B912FE9EF900707BA5 /* O-course.app */,
				03A3526A13B31C5D0028D87C /* OCAD map preview.qlgenerator */,
			);
			name = Products;
			sourceTree = "<group>";
		};
		032001BC12FE9EF900707BA5 /* Frameworks */ = {
			isa = PBXGroup;
			children = (
				032001BD12FE9EF900707BA5 /* Cocoa.framework */,
				03A3526B13B31C5D0028D87C /* QuickLook.framework */,
				03A3526D13B31C5D0028D87C /* ApplicationServices.framework */,
				03A3526F13B31C5D0028D87C /* CoreServices.framework */,
				03A3527113B31C5D0028D87C /* CoreFoundation.framework */,
				032001BF12FE9EF900707BA5 /* Other Frameworks */,
				033D6817134AF79C00502CA8 /* QuartzCore.framework */,
			);
			name = Frameworks;
			sourceTree = "<group>";
		};
		032001BF12FE9EF900707BA5 /* Other Frameworks */ = {
			isa = PBXGroup;
			children = (
				032001C012FE9EF900707BA5 /* AppKit.framework */,
				032001C112FE9EF900707BA5 /* CoreData.framework */,
				032001C212FE9EF900707BA5 /* Foundation.framework */,
			);
			name = "Other Frameworks";
			sourceTree = "<group>";
		};
		032001C312FE9EF900707BA5 /* O-course */ = {
			isa = PBXGroup;
			children = (
				03CE92A1142E6C06003EBECD /* MyDocumentController.h */,
				03CE92A2142E6C06003EBECD /* MyDocumentController.m */,
				03F2C76C142C81040053A47F /* Model objects */,
				032001CF12FE9EF900707BA5 /* ASOcourseDocument.h */,
				032001D012FE9EF900707BA5 /* ASOcourseDocument.m */,
				0373FA6B1349A42C006E41C9 /* ASMapView.h */,
				0373FA6C1349A42C006E41C9 /* ASMapView.m */,
				032001D812FE9EF900707BA5 /* ASOcourseDocument.xcdatamodeld */,
				032001C412FE9EF900707BA5 /* Supporting Files */,
				03A3524E13B30F480028D87C /* AppDelegate.h */,
				03A3524F13B30F480028D87C /* AppDelegate.m */,
			);
			path = "O-course";
			sourceTree = "<group>";
		};
		032001C412FE9EF900707BA5 /* Supporting Files */ = {
			isa = PBXGroup;
			children = (
				032001C512FE9EF900707BA5 /* O_course-Info.plist */,
				032001C612FE9EF900707BA5 /* InfoPlist.strings */,
				032001C912FE9EF900707BA5 /* O_course-Prefix.pch */,
				032001CA12FE9EF900707BA5 /* main.m */,
				032001CC12FE9EF900707BA5 /* Credits.rtf */,
			);
			name = "Supporting Files";
			sourceTree = "<group>";
		};
		033D67D2134AE9B500502CA8 /* OCAD */ = {
			isa = PBXGroup;
			children = (
				03B90D3914330A530033216D /* CoordinateTransverser.h */,
				03B90D3A14330A530033216D /* CoordinateTransverser.m */,
				032001E012FE9F1000707BA5 /* ocdimport.c */,
				032001E112FE9F1000707BA5 /* ocdimport.h */,
				03A5114213B7AE9100469BCF /* ASOCADController_Area.h */,
				03A5114313B7AE9100469BCF /* ASOCADController_Area.m */,
				03A5113D13B7AE5F00469BCF /* ASOCADController_Text.h */,
				03A5113E13B7AE6000469BCF /* ASOCADController_Text.m */,
				03C305141347B5FA00FB8133 /* ASOCADController.h */,
				03C305151347B5FA00FB8133 /* ASOCADController.m */,
				03A5114713B7AF0E00469BCF /* ASOCADController_Line.h */,
				03A5114813B7AF0E00469BCF /* ASOCADController_Line.m */,
			);
			path = OCAD;
			sourceTree = "<group>";
		};
		033D6872134B05AE00502CA8 /* Resources */ = {
			isa = PBXGroup;
			children = (
				033D6873134B05D100502CA8 /* compass bezel.png */,
				032001D212FE9EF900707BA5 /* ASOcourseDocument.xib */,
				032001D512FE9EF900707BA5 /* MainMenu.xib */,
			);
			path = Resources;
			sourceTree = "<group>";
		};
		03A3527313B31C5E0028D87C /* OCAD map preview */ = {
			isa = PBXGroup;
			children = (
				03A3527913B31C5E0028D87C /* GenerateThumbnailForURL.m */,
				03A3527B13B31C5E0028D87C /* GeneratePreviewForURL.m */,
				03A3527D13B31C5E0028D87C /* main.c */,
				03A3527413B31C5E0028D87C /* Supporting Files */,
			);
			path = "OCAD map preview";
			sourceTree = "<group>";
		};
		03A3527413B31C5E0028D87C /* Supporting Files */ = {
			isa = PBXGroup;
			children = (
				03A3527513B31C5E0028D87C /* OCAD map preview-Info.plist */,
				03A3527613B31C5E0028D87C /* InfoPlist.strings */,
				03A3527F13B31C5E0028D87C /* OCAD map preview-Prefix.pch */,
			);
			name = "Supporting Files";
			sourceTree = "<group>";
		};
		03AAFEC01443874D008567E3 /* Specs */ = {
			isa = PBXGroup;
			children = (
				03AAFEC11443874D008567E3 /* OCAD10Format.txt */,
				03AAFEC21443874D008567E3 /* OCAD8Format.txt */,
				03AAFEC31443874D008567E3 /* OCAD9Format.pdf */,
				03AAFEC41443874D008567E3 /* OCAD9Format.txt */,
			);
			path = Specs;
			sourceTree = "<group>";
		};
		03F2C76C142C81040053A47F /* Model objects */ = {
			isa = PBXGroup;
			children = (
				03F2C769142C725F0053A47F /* Project.h */,
				03F2C76A142C72600053A47F /* Project.m */,
			);
			name = "Model objects";
			path = ..;
			sourceTree = "<group>";
		};
/* End PBXGroup section */

/* Begin PBXHeadersBuildPhase section */
		03A3526613B31C5D0028D87C /* Headers */ = {
			isa = PBXHeadersBuildPhase;
			buildActionMask = 2147483647;
			files = (
				03A5113F13B7AE6000469BCF /* ASOCADController_Text.h in Headers */,
				03A5114413B7AE9100469BCF /* ASOCADController_Area.h in Headers */,
				03A5114913B7AF0E00469BCF /* ASOCADController_Line.h in Headers */,
			);
			runOnlyForDeploymentPostprocessing = 0;
		};
/* End PBXHeadersBuildPhase section */

/* Begin PBXNativeTarget section */
		032001B812FE9EF900707BA5 /* O-course */ = {
			isa = PBXNativeTarget;
			buildConfigurationList = 032001DD12FE9EF900707BA5 /* Build configuration list for PBXNativeTarget "O-course" */;
			buildPhases = (
				032001B512FE9EF900707BA5 /* Sources */,
				032001B612FE9EF900707BA5 /* Frameworks */,
				032001B712FE9EF900707BA5 /* Resources */,
				03A3529213B33AB70028D87C /* CopyFiles */,
			);
			buildRules = (
			);
			dependencies = (
				03A3529113B33AB30028D87C /* PBXTargetDependency */,
			);
			name = "O-course";
			productName = "O-course";
			productReference = 032001B912FE9EF900707BA5 /* O-course.app */;
			productType = "com.apple.product-type.application";
		};
		03A3526913B31C5D0028D87C /* OCAD map preview */ = {
			isa = PBXNativeTarget;
			buildConfigurationList = 03A3528013B31C5E0028D87C /* Build configuration list for PBXNativeTarget "OCAD map preview" */;
			buildPhases = (
				03A3526413B31C5D0028D87C /* Sources */,
				03A3526513B31C5D0028D87C /* Frameworks */,
				03A3526613B31C5D0028D87C /* Headers */,
				03A3526713B31C5D0028D87C /* Resources */,
				03A3526813B31C5D0028D87C /* Rez */,
			);
			buildRules = (
			);
			dependencies = (
			);
			name = "OCAD map preview";
			productName = "OCAD map preview";
			productReference = 03A3526A13B31C5D0028D87C /* OCAD map preview.qlgenerator */;
			productType = "com.apple.product-type.bundle";
		};
/* End PBXNativeTarget section */

/* Begin PBXProject section */
		032001B012FE9EF900707BA5 /* Project object */ = {
			isa = PBXProject;
			attributes = {
				LastUpgradeCheck = 0420;
				ORGANIZATIONNAME = "Aderstedt Software AB";
			};
			buildConfigurationList = 032001B312FE9EF900707BA5 /* Build configuration list for PBXProject "O-course" */;
			compatibilityVersion = "Xcode 3.2";
			developmentRegion = English;
			hasScannedForEncodings = 0;
			knownRegions = (
				en,
			);
			mainGroup = 032001AE12FE9EF900707BA5;
			productRefGroup = 032001BA12FE9EF900707BA5 /* Products */;
			projectDirPath = "";
			projectRoot = "";
			targets = (
				032001B812FE9EF900707BA5 /* O-course */,
				03A3526913B31C5D0028D87C /* OCAD map preview */,
			);
		};
/* End PBXProject section */

/* Begin PBXResourcesBuildPhase section */
		032001B712FE9EF900707BA5 /* Resources */ = {
			isa = PBXResourcesBuildPhase;
			buildActionMask = 2147483647;
			files = (
				032001C812FE9EF900707BA5 /* InfoPlist.strings in Resources */,
				032001CE12FE9EF900707BA5 /* Credits.rtf in Resources */,
				032001D412FE9EF900707BA5 /* ASOcourseDocument.xib in Resources */,
				032001D712FE9EF900707BA5 /* MainMenu.xib in Resources */,
				033D6874134B05D100502CA8 /* compass bezel.png in Resources */,
			);
			runOnlyForDeploymentPostprocessing = 0;
		};
		03A3526713B31C5D0028D87C /* Resources */ = {
			isa = PBXResourcesBuildPhase;
			buildActionMask = 2147483647;
			files = (
				03A3527813B31C5E0028D87C /* InfoPlist.strings in Resources */,
			);
			runOnlyForDeploymentPostprocessing = 0;
		};
/* End PBXResourcesBuildPhase section */

/* Begin PBXRezBuildPhase section */
		03A3526813B31C5D0028D87C /* Rez */ = {
			isa = PBXRezBuildPhase;
			buildActionMask = 2147483647;
			files = (
			);
			runOnlyForDeploymentPostprocessing = 0;
		};
/* End PBXRezBuildPhase section */

/* Begin PBXSourcesBuildPhase section */
		032001B512FE9EF900707BA5 /* Sources */ = {
			isa = PBXSourcesBuildPhase;
			buildActionMask = 2147483647;
			files = (
				032001CB12FE9EF900707BA5 /* main.m in Sources */,
				032001D112FE9EF900707BA5 /* ASOcourseDocument.m in Sources */,
				032001DA12FE9EF900707BA5 /* ASOcourseDocument.xcdatamodeld in Sources */,
				032001E212FE9F1000707BA5 /* ocdimport.c in Sources */,
				03C305161347B5FA00FB8133 /* ASOCADController.m in Sources */,
				0373FA6D1349A42C006E41C9 /* ASMapView.m in Sources */,
				03A3525013B30F480028D87C /* AppDelegate.m in Sources */,
				03A5114013B7AE6000469BCF /* ASOCADController_Text.m in Sources */,
				03A5114513B7AE9100469BCF /* ASOCADController_Area.m in Sources */,
				03A5114A13B7AF0E00469BCF /* ASOCADController_Line.m in Sources */,
				03F2C76B142C72600053A47F /* Project.m in Sources */,
				03CE92A3142E6C06003EBECD /* MyDocumentController.m in Sources */,
				03B90D3B14330A530033216D /* CoordinateTransverser.m in Sources */,
			);
			runOnlyForDeploymentPostprocessing = 0;
		};
		03A3526413B31C5D0028D87C /* Sources */ = {
			isa = PBXSourcesBuildPhase;
			buildActionMask = 2147483647;
			files = (
				03A3527A13B31C5E0028D87C /* GenerateThumbnailForURL.m in Sources */,
				03A3527C13B31C5E0028D87C /* GeneratePreviewForURL.m in Sources */,
				03A3527E13B31C5E0028D87C /* main.c in Sources */,
				03A3528613B32B030028D87C /* ASOCADController.m in Sources */,
				03A3528713B32B060028D87C /* ocdimport.c in Sources */,
				03A5114113B7AE6000469BCF /* ASOCADController_Text.m in Sources */,
				03A5114613B7AE9100469BCF /* ASOCADController_Area.m in Sources */,
				03A5114B13B7AF0E00469BCF /* ASOCADController_Line.m in Sources */,
				03B90D3D143315A10033216D /* CoordinateTransverser.m in Sources */,
			);
			runOnlyForDeploymentPostprocessing = 0;
		};
/* End PBXSourcesBuildPhase section */

/* Begin PBXTargetDependency section */
		03A3529113B33AB30028D87C /* PBXTargetDependency */ = {
			isa = PBXTargetDependency;
			target = 03A3526913B31C5D0028D87C /* OCAD map preview */;
			targetProxy = 03A3529013B33AB30028D87C /* PBXContainerItemProxy */;
		};
/* End PBXTargetDependency section */

/* Begin PBXVariantGroup section */
		032001C612FE9EF900707BA5 /* InfoPlist.strings */ = {
			isa = PBXVariantGroup;
			children = (
				032001C712FE9EF900707BA5 /* en */,
			);
			name = InfoPlist.strings;
			sourceTree = "<group>";
		};
		032001CC12FE9EF900707BA5 /* Credits.rtf */ = {
			isa = PBXVariantGroup;
			children = (
				032001CD12FE9EF900707BA5 /* en */,
			);
			name = Credits.rtf;
			sourceTree = "<group>";
		};
		032001D212FE9EF900707BA5 /* ASOcourseDocument.xib */ = {
			isa = PBXVariantGroup;
			children = (
				032001D312FE9EF900707BA5 /* en */,
			);
			name = ASOcourseDocument.xib;
			path = "../O-course";
			sourceTree = "<group>";
		};
		032001D512FE9EF900707BA5 /* MainMenu.xib */ = {
			isa = PBXVariantGroup;
			children = (
				032001D612FE9EF900707BA5 /* en */,
			);
			name = MainMenu.xib;
			path = "../O-course";
			sourceTree = "<group>";
		};
		03A3527613B31C5E0028D87C /* InfoPlist.strings */ = {
			isa = PBXVariantGroup;
			children = (
				03A3527713B31C5E0028D87C /* en */,
			);
			name = InfoPlist.strings;
			sourceTree = "<group>";
		};
/* End PBXVariantGroup section */

/* Begin XCBuildConfiguration section */
		032001DB12FE9EF900707BA5 /* Debug */ = {
			isa = XCBuildConfiguration;
			buildSettings = {
				ARCHS = "$(ARCHS_STANDARD_32_64_BIT)";
				GCC_C_LANGUAGE_STANDARD = gnu99;
				GCC_OPTIMIZATION_LEVEL = 0;
				GCC_PREPROCESSOR_DEFINITIONS = DEBUG;
				GCC_VERSION = com.apple.compilers.llvm.clang.1_0;
				GCC_WARN_64_TO_32_BIT_CONVERSION = YES;
				GCC_WARN_ABOUT_RETURN_TYPE = YES;
				GCC_WARN_UNUSED_VARIABLE = YES;
				MACOSX_DEPLOYMENT_TARGET = 10.7;
				ONLY_ACTIVE_ARCH = YES;
				SDKROOT = macosx;
			};
			name = Debug;
		};
		032001DC12FE9EF900707BA5 /* Release */ = {
			isa = XCBuildConfiguration;
			buildSettings = {
				ARCHS = "$(ARCHS_STANDARD_32_64_BIT)";
				GCC_C_LANGUAGE_STANDARD = gnu99;
				GCC_VERSION = com.apple.compilers.llvm.clang.1_0;
				GCC_WARN_64_TO_32_BIT_CONVERSION = YES;
				GCC_WARN_ABOUT_RETURN_TYPE = YES;
				GCC_WARN_UNUSED_VARIABLE = YES;
				MACOSX_DEPLOYMENT_TARGET = 10.7;
				SDKROOT = macosx;
			};
			name = Release;
		};
		032001DE12FE9EF900707BA5 /* Debug */ = {
			isa = XCBuildConfiguration;
			buildSettings = {
				ALWAYS_SEARCH_USER_PATHS = NO;
				COPY_PHASE_STRIP = NO;
				GCC_DYNAMIC_NO_PIC = NO;
				GCC_ENABLE_OBJC_EXCEPTIONS = YES;
				GCC_PRECOMPILE_PREFIX_HEADER = YES;
				GCC_PREFIX_HEADER = "O-course/O_course-Prefix.pch";
				INFOPLIST_FILE = "O-course/O_course-Info.plist";
				MACOSX_DEPLOYMENT_TARGET = 10.7;
				PRODUCT_NAME = "$(TARGET_NAME)";
				WRAPPER_EXTENSION = app;
			};
			name = Debug;
		};
		032001DF12FE9EF900707BA5 /* Release */ = {
			isa = XCBuildConfiguration;
			buildSettings = {
				ALWAYS_SEARCH_USER_PATHS = NO;
				COPY_PHASE_STRIP = YES;
				DEBUG_INFORMATION_FORMAT = "dwarf-with-dsym";
				GCC_ENABLE_OBJC_EXCEPTIONS = YES;
				GCC_PRECOMPILE_PREFIX_HEADER = YES;
				GCC_PREFIX_HEADER = "O-course/O_course-Prefix.pch";
				INFOPLIST_FILE = "O-course/O_course-Info.plist";
				MACOSX_DEPLOYMENT_TARGET = 10.7;
				PRODUCT_NAME = "$(TARGET_NAME)";
				WRAPPER_EXTENSION = app;
			};
			name = Release;
		};
		03A3528113B31C5E0028D87C /* Debug */ = {
			isa = XCBuildConfiguration;
			buildSettings = {
				ALWAYS_SEARCH_USER_PATHS = NO;
				COPY_PHASE_STRIP = NO;
				GCC_DYNAMIC_NO_PIC = NO;
				GCC_ENABLE_OBJC_EXCEPTIONS = YES;
				GCC_PRECOMPILE_PREFIX_HEADER = YES;
				GCC_PREFIX_HEADER = "OCAD map preview/OCAD map preview-Prefix.pch";
				GCC_PREPROCESSOR_DEFINITIONS = (
					"DEBUG=1",
					"$(inherited)",
				);
				GCC_SYMBOLS_PRIVATE_EXTERN = NO;
				GCC_WARN_ABOUT_MISSING_PROTOTYPES = YES;
				INFOPLIST_FILE = "OCAD map preview/OCAD map preview-Info.plist";
				INSTALL_PATH = /Library/QuickLook;
				MACOSX_DEPLOYMENT_TARGET = 10.7;
				PRODUCT_NAME = "$(TARGET_NAME)";
				WRAPPER_EXTENSION = qlgenerator;
			};
			name = Debug;
		};
		03A3528213B31C5E0028D87C /* Release */ = {
			isa = XCBuildConfiguration;
			buildSettings = {
				ALWAYS_SEARCH_USER_PATHS = NO;
				COPY_PHASE_STRIP = YES;
				DEBUG_INFORMATION_FORMAT = "dwarf-with-dsym";
				GCC_ENABLE_OBJC_EXCEPTIONS = YES;
				GCC_PRECOMPILE_PREFIX_HEADER = YES;
				GCC_PREFIX_HEADER = "OCAD map preview/OCAD map preview-Prefix.pch";
				GCC_WARN_ABOUT_MISSING_PROTOTYPES = YES;
				INFOPLIST_FILE = "OCAD map preview/OCAD map preview-Info.plist";
				INSTALL_PATH = /Library/QuickLook;
				MACOSX_DEPLOYMENT_TARGET = 10.7;
				PRODUCT_NAME = "$(TARGET_NAME)";
				WRAPPER_EXTENSION = qlgenerator;
			};
			name = Release;
		};
/* End XCBuildConfiguration section */

/* Begin XCConfigurationList section */
		032001B312FE9EF900707BA5 /* Build configuration list for PBXProject "O-course" */ = {
			isa = XCConfigurationList;
			buildConfigurations = (
				032001DB12FE9EF900707BA5 /* Debug */,
				032001DC12FE9EF900707BA5 /* Release */,
			);
			defaultConfigurationIsVisible = 0;
			defaultConfigurationName = Release;
		};
		032001DD12FE9EF900707BA5 /* Build configuration list for PBXNativeTarget "O-course" */ = {
			isa = XCConfigurationList;
			buildConfigurations = (
				032001DE12FE9EF900707BA5 /* Debug */,
				032001DF12FE9EF900707BA5 /* Release */,
			);
			defaultConfigurationIsVisible = 0;
			defaultConfigurationName = Release;
		};
		03A3528013B31C5E0028D87C /* Build configuration list for PBXNativeTarget "OCAD map preview" */ = {
			isa = XCConfigurationList;
			buildConfigurations = (
				03A3528113B31C5E0028D87C /* Debug */,
				03A3528213B31C5E0028D87C /* Release */,
			);
			defaultConfigurationIsVisible = 0;
			defaultConfigurationName = Release;
		};
/* End XCConfigurationList section */

/* Begin XCVersionGroup section */
		032001D812FE9EF900707BA5 /* ASOcourseDocument.xcdatamodeld */ = {
			isa = XCVersionGroup;
			children = (
				032001D912FE9EF900707BA5 /* ASOcourseDocument.xcdatamodel */,
			);
			currentVersion = 032001D912FE9EF900707BA5 /* ASOcourseDocument.xcdatamodel */;
			path = ASOcourseDocument.xcdatamodeld;
			sourceTree = "<group>";
			versionGroupType = wrapper.xcdatamodel;
		};
/* End XCVersionGroup section */
	};
	rootObject = 032001B012FE9EF900707BA5 /* Project object */;
}
